// !$*UTF8*$!
{
	archiveVersion = 1;
	classes = {
	};
	objectVersion = 56;
	objects = {

/* Begin PBXBuildFile section */
		172BA4FB2B22DCE200572A41 /* DetailView.swift in Sources */ = {isa = PBXBuildFile; fileRef = 172BA4FA2B22DCE200572A41 /* DetailView.swift */; };
		173E77022B05308000ABCE2F /* Tabs.swift in Sources */ = {isa = PBXBuildFile; fileRef = 173E77012B05307F00ABCE2F /* Tabs.swift */; };
		173E77042B0534BB00ABCE2F /* TabBarConfigurator.swift in Sources */ = {isa = PBXBuildFile; fileRef = 173E77032B0534BB00ABCE2F /* TabBarConfigurator.swift */; };
		175324BF2B4D1C45002870BD /* NetworkError.swift in Sources */ = {isa = PBXBuildFile; fileRef = 175324BE2B4D1C45002870BD /* NetworkError.swift */; };
		175324C12B4D1C6A002870BD /* HTTPMethod.swift in Sources */ = {isa = PBXBuildFile; fileRef = 175324C02B4D1C6A002870BD /* HTTPMethod.swift */; };
		175324C32B4D1C7E002870BD /* NetworkService.swift in Sources */ = {isa = PBXBuildFile; fileRef = 175324C22B4D1C7E002870BD /* NetworkService.swift */; };
		1772D7AC2B0BF35E00E8F939 /* CustomNavigationController.swift in Sources */ = {isa = PBXBuildFile; fileRef = 1772D7AB2B0BF35E00E8F939 /* CustomNavigationController.swift */; };
		178BFA922B2B1F3200E43DD9 /* DetailCellIdentifier.swift in Sources */ = {isa = PBXBuildFile; fileRef = 178BFA912B2B1F3200E43DD9 /* DetailCellIdentifier.swift */; };
		17A808C82B07FE4400BFF710 /* TabProperty.swift in Sources */ = {isa = PBXBuildFile; fileRef = 17A808C72B07FE4400BFF710 /* TabProperty.swift */; };
		17B151C42AE8362B0071C305 /* SettingsView.swift in Sources */ = {isa = PBXBuildFile; fileRef = 17B151C32AE8362B0071C305 /* SettingsView.swift */; };
		17B151C72AE8383B0071C305 /* SettingsTextField.swift in Sources */ = {isa = PBXBuildFile; fileRef = 17B151C62AE8383B0071C305 /* SettingsTextField.swift */; };
		17B151CB2AE845160071C305 /* SettingsButton.swift in Sources */ = {isa = PBXBuildFile; fileRef = 17B151CA2AE845160071C305 /* SettingsButton.swift */; };
		17B151CE2AE8DD090071C305 /* SettingsPresenter.swift in Sources */ = {isa = PBXBuildFile; fileRef = 17B151CD2AE8DD090071C305 /* SettingsPresenter.swift */; };
		17B151D42AE926080071C305 /* SettingsInteractor.swift in Sources */ = {isa = PBXBuildFile; fileRef = 17B151D32AE926080071C305 /* SettingsInteractor.swift */; };
		17B151D62AE928670071C305 /* SettingsAssembly.swift in Sources */ = {isa = PBXBuildFile; fileRef = 17B151D52AE928670071C305 /* SettingsAssembly.swift */; };
		17C70E662B0F69750045CC24 /* Inter-Medium.ttf in Resources */ = {isa = PBXBuildFile; fileRef = 17C70E3D2B0F69750045CC24 /* Inter-Medium.ttf */; };
		17C70E672B0F69750045CC24 /* Inter-Light.ttf in Resources */ = {isa = PBXBuildFile; fileRef = 17C70E3E2B0F69750045CC24 /* Inter-Light.ttf */; };
		17C70E682B0F69750045CC24 /* Inter-Thin.ttf in Resources */ = {isa = PBXBuildFile; fileRef = 17C70E3F2B0F69750045CC24 /* Inter-Thin.ttf */; };
		17C70E692B0F69750045CC24 /* Inter-Bold.ttf in Resources */ = {isa = PBXBuildFile; fileRef = 17C70E402B0F69750045CC24 /* Inter-Bold.ttf */; };
		17C70E6A2B0F69750045CC24 /* Inter-Regular.ttf in Resources */ = {isa = PBXBuildFile; fileRef = 17C70E412B0F69750045CC24 /* Inter-Regular.ttf */; };
		17C70E6B2B0F69750045CC24 /* Inter-ExtraBold.ttf in Resources */ = {isa = PBXBuildFile; fileRef = 17C70E422B0F69750045CC24 /* Inter-ExtraBold.ttf */; };
		17C70E6C2B0F69750045CC24 /* Inter-ExtraLight.ttf in Resources */ = {isa = PBXBuildFile; fileRef = 17C70E432B0F69750045CC24 /* Inter-ExtraLight.ttf */; };
		17C70E6D2B0F69750045CC24 /* Inter-Black.ttf in Resources */ = {isa = PBXBuildFile; fileRef = 17C70E442B0F69750045CC24 /* Inter-Black.ttf */; };
		17C70E6E2B0F69750045CC24 /* Inter-SemiBold.ttf in Resources */ = {isa = PBXBuildFile; fileRef = 17C70E452B0F69750045CC24 /* Inter-SemiBold.ttf */; };
		17C70E6F2B0F69750045CC24 /* Roboto-Medium.ttf in Resources */ = {isa = PBXBuildFile; fileRef = 17C70E472B0F69750045CC24 /* Roboto-Medium.ttf */; };
		17C70E702B0F69750045CC24 /* Roboto-Light.ttf in Resources */ = {isa = PBXBuildFile; fileRef = 17C70E482B0F69750045CC24 /* Roboto-Light.ttf */; };
		17C70E712B0F69750045CC24 /* Roboto-Regular.ttf in Resources */ = {isa = PBXBuildFile; fileRef = 17C70E492B0F69750045CC24 /* Roboto-Regular.ttf */; };
		17C70E722B0F69750045CC24 /* Roboto-MediumItalic.ttf in Resources */ = {isa = PBXBuildFile; fileRef = 17C70E4A2B0F69750045CC24 /* Roboto-MediumItalic.ttf */; };
		17C70E732B0F69750045CC24 /* Roboto-ThinItalic.ttf in Resources */ = {isa = PBXBuildFile; fileRef = 17C70E4B2B0F69750045CC24 /* Roboto-ThinItalic.ttf */; };
		17C70E742B0F69750045CC24 /* Roboto-BoldItalic.ttf in Resources */ = {isa = PBXBuildFile; fileRef = 17C70E4C2B0F69750045CC24 /* Roboto-BoldItalic.ttf */; };
		17C70E752B0F69750045CC24 /* Roboto-LightItalic.ttf in Resources */ = {isa = PBXBuildFile; fileRef = 17C70E4D2B0F69750045CC24 /* Roboto-LightItalic.ttf */; };
		17C70E762B0F69750045CC24 /* Roboto-Italic.ttf in Resources */ = {isa = PBXBuildFile; fileRef = 17C70E4E2B0F69750045CC24 /* Roboto-Italic.ttf */; };
		17C70E772B0F69750045CC24 /* Roboto-BlackItalic.ttf in Resources */ = {isa = PBXBuildFile; fileRef = 17C70E4F2B0F69750045CC24 /* Roboto-BlackItalic.ttf */; };
		17C70E782B0F69750045CC24 /* Roboto-Bold.ttf in Resources */ = {isa = PBXBuildFile; fileRef = 17C70E502B0F69750045CC24 /* Roboto-Bold.ttf */; };
		17C70E792B0F69750045CC24 /* Roboto-Thin.ttf in Resources */ = {isa = PBXBuildFile; fileRef = 17C70E512B0F69750045CC24 /* Roboto-Thin.ttf */; };
		17C70E7A2B0F69750045CC24 /* Roboto-Black.ttf in Resources */ = {isa = PBXBuildFile; fileRef = 17C70E522B0F69750045CC24 /* Roboto-Black.ttf */; };
		17C70E7B2B0F69750045CC24 /* Poppins-ExtraLight.ttf in Resources */ = {isa = PBXBuildFile; fileRef = 17C70E542B0F69750045CC24 /* Poppins-ExtraLight.ttf */; };
		17C70E7C2B0F69750045CC24 /* Poppins-ThinItalic.ttf in Resources */ = {isa = PBXBuildFile; fileRef = 17C70E552B0F69750045CC24 /* Poppins-ThinItalic.ttf */; };
		17C70E7D2B0F69750045CC24 /* Poppins-ExtraLightItalic.ttf in Resources */ = {isa = PBXBuildFile; fileRef = 17C70E562B0F69750045CC24 /* Poppins-ExtraLightItalic.ttf */; };
		17C70E7E2B0F69750045CC24 /* Poppins-BoldItalic.ttf in Resources */ = {isa = PBXBuildFile; fileRef = 17C70E572B0F69750045CC24 /* Poppins-BoldItalic.ttf */; };
		17C70E7F2B0F69750045CC24 /* Poppins-Light.ttf in Resources */ = {isa = PBXBuildFile; fileRef = 17C70E582B0F69750045CC24 /* Poppins-Light.ttf */; };
		17C70E802B0F69750045CC24 /* Poppins-Medium.ttf in Resources */ = {isa = PBXBuildFile; fileRef = 17C70E592B0F69750045CC24 /* Poppins-Medium.ttf */; };
		17C70E812B0F69750045CC24 /* Poppins-SemiBoldItalic.ttf in Resources */ = {isa = PBXBuildFile; fileRef = 17C70E5A2B0F69750045CC24 /* Poppins-SemiBoldItalic.ttf */; };
		17C70E822B0F69750045CC24 /* Poppins-ExtraBoldItalic.ttf in Resources */ = {isa = PBXBuildFile; fileRef = 17C70E5B2B0F69750045CC24 /* Poppins-ExtraBoldItalic.ttf */; };
		17C70E832B0F69750045CC24 /* Poppins-ExtraBold.ttf in Resources */ = {isa = PBXBuildFile; fileRef = 17C70E5C2B0F69750045CC24 /* Poppins-ExtraBold.ttf */; };
		17C70E842B0F69750045CC24 /* Poppins-BlackItalic.ttf in Resources */ = {isa = PBXBuildFile; fileRef = 17C70E5D2B0F69750045CC24 /* Poppins-BlackItalic.ttf */; };
		17C70E852B0F69750045CC24 /* Poppins-Regular.ttf in Resources */ = {isa = PBXBuildFile; fileRef = 17C70E5E2B0F69750045CC24 /* Poppins-Regular.ttf */; };
		17C70E862B0F69750045CC24 /* Poppins-LightItalic.ttf in Resources */ = {isa = PBXBuildFile; fileRef = 17C70E5F2B0F69750045CC24 /* Poppins-LightItalic.ttf */; };
		17C70E872B0F69750045CC24 /* Poppins-Bold.ttf in Resources */ = {isa = PBXBuildFile; fileRef = 17C70E602B0F69750045CC24 /* Poppins-Bold.ttf */; };
		17C70E882B0F69750045CC24 /* Poppins-Black.ttf in Resources */ = {isa = PBXBuildFile; fileRef = 17C70E612B0F69750045CC24 /* Poppins-Black.ttf */; };
		17C70E892B0F69750045CC24 /* Poppins-Thin.ttf in Resources */ = {isa = PBXBuildFile; fileRef = 17C70E622B0F69750045CC24 /* Poppins-Thin.ttf */; };
		17C70E8A2B0F69750045CC24 /* Poppins-SemiBold.ttf in Resources */ = {isa = PBXBuildFile; fileRef = 17C70E632B0F69750045CC24 /* Poppins-SemiBold.ttf */; };
		17C70E8B2B0F69750045CC24 /* Poppins-Italic.ttf in Resources */ = {isa = PBXBuildFile; fileRef = 17C70E642B0F69750045CC24 /* Poppins-Italic.ttf */; };
		17C70E8C2B0F69750045CC24 /* Poppins-MediumItalic.ttf in Resources */ = {isa = PBXBuildFile; fileRef = 17C70E652B0F69750045CC24 /* Poppins-MediumItalic.ttf */; };
		17C70ED12B1520150045CC24 /* FavoritesAssembly.swift in Sources */ = {isa = PBXBuildFile; fileRef = 17C70ED02B1520150045CC24 /* FavoritesAssembly.swift */; };
		17C70EDD2B1524A10045CC24 /* FavoritesView.swift in Sources */ = {isa = PBXBuildFile; fileRef = 17C70EDC2B1524A10045CC24 /* FavoritesView.swift */; };
		17C70EDF2B1524C20045CC24 /* RestautantCell.swift in Sources */ = {isa = PBXBuildFile; fileRef = 17C70EDE2B1524C20045CC24 /* RestautantCell.swift */; };
		17C70EE12B1524D60045CC24 /* CellIdentifiers.swift in Sources */ = {isa = PBXBuildFile; fileRef = 17C70EE02B1524D60045CC24 /* CellIdentifiers.swift */; };
		17C70EE42B15B80E0045CC24 /* FavoritesPresenter.swift in Sources */ = {isa = PBXBuildFile; fileRef = 17C70EE32B15B80E0045CC24 /* FavoritesPresenter.swift */; };
		17C70EE72B15BA3A0045CC24 /* FavoritesInteractor.swift in Sources */ = {isa = PBXBuildFile; fileRef = 17C70EE62B15BA3A0045CC24 /* FavoritesInteractor.swift */; };
		17C70EEA2B15F76B0045CC24 /* Restaurant.swift in Sources */ = {isa = PBXBuildFile; fileRef = 17C70EE92B15F76B0045CC24 /* Restaurant.swift */; };
		17C70EEC2B19A2800045CC24 /* FavoritesViewProtocols.swift in Sources */ = {isa = PBXBuildFile; fileRef = 17C70EEB2B19A2800045CC24 /* FavoritesViewProtocols.swift */; };
		17C70EEE2B19A31A0045CC24 /* FavoritesInteractorProtocols.swift in Sources */ = {isa = PBXBuildFile; fileRef = 17C70EED2B19A31A0045CC24 /* FavoritesInteractorProtocols.swift */; };
		17C70EF02B19A9230045CC24 /* Assets.xcassets in Resources */ = {isa = PBXBuildFile; fileRef = 17C70EEF2B19A9230045CC24 /* Assets.xcassets */; };
		17C996C12AEEE34900149D2C /* SettingsViewProtocol.swift in Sources */ = {isa = PBXBuildFile; fileRef = 17C996C02AEEE34900149D2C /* SettingsViewProtocol.swift */; };
		17C996C32AEEE36500149D2C /* SettingsCurrencyPickerView.swift in Sources */ = {isa = PBXBuildFile; fileRef = 17C996C22AEEE36500149D2C /* SettingsCurrencyPickerView.swift */; };
		17C996C52AEEE36A00149D2C /* SettingsLanguagePickerView.swift in Sources */ = {isa = PBXBuildFile; fileRef = 17C996C42AEEE36A00149D2C /* SettingsLanguagePickerView.swift */; };
		17C996C72AEEE3C400149D2C /* SettingsInteractorProtocol.swift in Sources */ = {isa = PBXBuildFile; fileRef = 17C996C62AEEE3C400149D2C /* SettingsInteractorProtocol.swift */; };
		17E2C87D2B2ADE67006F22F2 /* PhotoCell.swift in Sources */ = {isa = PBXBuildFile; fileRef = 17E2C87C2B2ADE67006F22F2 /* PhotoCell.swift */; };
		17E2C87F2B2ADE6D006F22F2 /* InfoCell.swift in Sources */ = {isa = PBXBuildFile; fileRef = 17E2C87E2B2ADE6D006F22F2 /* InfoCell.swift */; };
		17E2C8812B2ADE72006F22F2 /* ContactButtonsCell.swift in Sources */ = {isa = PBXBuildFile; fileRef = 17E2C8802B2ADE72006F22F2 /* ContactButtonsCell.swift */; };
		17E2C8832B2ADE78006F22F2 /* ReviewsCell.swift in Sources */ = {isa = PBXBuildFile; fileRef = 17E2C8822B2ADE78006F22F2 /* ReviewsCell.swift */; };
		17E2C8852B2AEA6A006F22F2 /* FavoriteButtonCell.swift in Sources */ = {isa = PBXBuildFile; fileRef = 17E2C8842B2AEA6A006F22F2 /* FavoriteButtonCell.swift */; };
		17ECF9582ADF1DB000943022 /* AppDelegate.swift in Sources */ = {isa = PBXBuildFile; fileRef = 17ECF9572ADF1DB000943022 /* AppDelegate.swift */; };
		17ECF95A2ADF1DB000943022 /* SceneDelegate.swift in Sources */ = {isa = PBXBuildFile; fileRef = 17ECF9592ADF1DB000943022 /* SceneDelegate.swift */; };
		17ECF9642ADF1DB200943022 /* LaunchScreen.storyboard in Resources */ = {isa = PBXBuildFile; fileRef = 17ECF9622ADF1DB200943022 /* LaunchScreen.storyboard */; };
		ED4229EE2AFC335D00083244 /* SearchViewAssembly.swift in Sources */ = {isa = PBXBuildFile; fileRef = ED4229ED2AFC335D00083244 /* SearchViewAssembly.swift */; };
		ED4229F02AFD9EDF00083244 /* SearchViewProtocols.swift in Sources */ = {isa = PBXBuildFile; fileRef = ED4229EF2AFD9EDF00083244 /* SearchViewProtocols.swift */; };
		ED4229F22AFDA18300083244 /* SearchViewPresenter.swift in Sources */ = {isa = PBXBuildFile; fileRef = ED4229F12AFDA18300083244 /* SearchViewPresenter.swift */; };
		ED4229F62AFDA41900083244 /* SearchViewInteractor.swift in Sources */ = {isa = PBXBuildFile; fileRef = ED4229F52AFDA41900083244 /* SearchViewInteractor.swift */; };
		ED4229F82AFDA42500083244 /* SearchViewInteractorProtocols.swift in Sources */ = {isa = PBXBuildFile; fileRef = ED4229F72AFDA42500083244 /* SearchViewInteractorProtocols.swift */; };
		ED4529C72AF15DCF00B4263A /* TopLabelView.swift in Sources */ = {isa = PBXBuildFile; fileRef = ED4529C62AF15DCF00B4263A /* TopLabelView.swift */; };
		ED5610A02AE8294600866B6C /* SearchViewController.swift in Sources */ = {isa = PBXBuildFile; fileRef = ED56109F2AE8294600866B6C /* SearchViewController.swift */; };
		ED5AB8E62AF6CAD8002129B9 /* SearchBar.swift in Sources */ = {isa = PBXBuildFile; fileRef = ED5AB8E52AF6CAD8002129B9 /* SearchBar.swift */; };
		ED5AF5252B0C08C900642224 /* UIView+ext.swift in Sources */ = {isa = PBXBuildFile; fileRef = ED5AF5242B0C08C900642224 /* UIView+ext.swift */; };
		ED5AF5272B0C08DE00642224 /* Array+ext.swift in Sources */ = {isa = PBXBuildFile; fileRef = ED5AF5262B0C08DE00642224 /* Array+ext.swift */; };
		ED5AF5292B0C08FC00642224 /* UIStackView+ext.swift in Sources */ = {isa = PBXBuildFile; fileRef = ED5AF5282B0C08FC00642224 /* UIStackView+ext.swift */; };
		ED5AF52B2B0C093C00642224 /* UIFont+ext.swift in Sources */ = {isa = PBXBuildFile; fileRef = ED5AF52A2B0C093C00642224 /* UIFont+ext.swift */; };
/* End PBXBuildFile section */

/* Begin PBXFileReference section */
		172BA4FA2B22DCE200572A41 /* DetailView.swift */ = {isa = PBXFileReference; lastKnownFileType = sourcecode.swift; path = DetailView.swift; sourceTree = "<group>"; };
		173E77012B05307F00ABCE2F /* Tabs.swift */ = {isa = PBXFileReference; lastKnownFileType = sourcecode.swift; path = Tabs.swift; sourceTree = "<group>"; };
		173E77032B0534BB00ABCE2F /* TabBarConfigurator.swift */ = {isa = PBXFileReference; lastKnownFileType = sourcecode.swift; path = TabBarConfigurator.swift; sourceTree = "<group>"; };
		175324BE2B4D1C45002870BD /* NetworkError.swift */ = {isa = PBXFileReference; lastKnownFileType = sourcecode.swift; path = NetworkError.swift; sourceTree = "<group>"; };
		175324C02B4D1C6A002870BD /* HTTPMethod.swift */ = {isa = PBXFileReference; lastKnownFileType = sourcecode.swift; path = HTTPMethod.swift; sourceTree = "<group>"; };
		175324C22B4D1C7E002870BD /* NetworkService.swift */ = {isa = PBXFileReference; lastKnownFileType = sourcecode.swift; path = NetworkService.swift; sourceTree = "<group>"; };
		1772D7AB2B0BF35E00E8F939 /* CustomNavigationController.swift */ = {isa = PBXFileReference; fileEncoding = 4; lastKnownFileType = sourcecode.swift; path = CustomNavigationController.swift; sourceTree = "<group>"; };
		178BFA912B2B1F3200E43DD9 /* DetailCellIdentifier.swift */ = {isa = PBXFileReference; lastKnownFileType = sourcecode.swift; path = DetailCellIdentifier.swift; sourceTree = "<group>"; };
		17A808C72B07FE4400BFF710 /* TabProperty.swift */ = {isa = PBXFileReference; lastKnownFileType = sourcecode.swift; path = TabProperty.swift; sourceTree = "<group>"; };
		17B151C32AE8362B0071C305 /* SettingsView.swift */ = {isa = PBXFileReference; lastKnownFileType = sourcecode.swift; path = SettingsView.swift; sourceTree = "<group>"; };
		17B151C62AE8383B0071C305 /* SettingsTextField.swift */ = {isa = PBXFileReference; lastKnownFileType = sourcecode.swift; path = SettingsTextField.swift; sourceTree = "<group>"; };
		17B151CA2AE845160071C305 /* SettingsButton.swift */ = {isa = PBXFileReference; lastKnownFileType = sourcecode.swift; path = SettingsButton.swift; sourceTree = "<group>"; };
		17B151CD2AE8DD090071C305 /* SettingsPresenter.swift */ = {isa = PBXFileReference; lastKnownFileType = sourcecode.swift; path = SettingsPresenter.swift; sourceTree = "<group>"; };
		17B151D32AE926080071C305 /* SettingsInteractor.swift */ = {isa = PBXFileReference; lastKnownFileType = sourcecode.swift; path = SettingsInteractor.swift; sourceTree = "<group>"; };
		17B151D52AE928670071C305 /* SettingsAssembly.swift */ = {isa = PBXFileReference; lastKnownFileType = sourcecode.swift; path = SettingsAssembly.swift; sourceTree = "<group>"; };
		17C70E3D2B0F69750045CC24 /* Inter-Medium.ttf */ = {isa = PBXFileReference; lastKnownFileType = file; path = "Inter-Medium.ttf"; sourceTree = "<group>"; };
		17C70E3E2B0F69750045CC24 /* Inter-Light.ttf */ = {isa = PBXFileReference; lastKnownFileType = file; path = "Inter-Light.ttf"; sourceTree = "<group>"; };
		17C70E3F2B0F69750045CC24 /* Inter-Thin.ttf */ = {isa = PBXFileReference; lastKnownFileType = file; path = "Inter-Thin.ttf"; sourceTree = "<group>"; };
		17C70E402B0F69750045CC24 /* Inter-Bold.ttf */ = {isa = PBXFileReference; lastKnownFileType = file; path = "Inter-Bold.ttf"; sourceTree = "<group>"; };
		17C70E412B0F69750045CC24 /* Inter-Regular.ttf */ = {isa = PBXFileReference; lastKnownFileType = file; path = "Inter-Regular.ttf"; sourceTree = "<group>"; };
		17C70E422B0F69750045CC24 /* Inter-ExtraBold.ttf */ = {isa = PBXFileReference; lastKnownFileType = file; path = "Inter-ExtraBold.ttf"; sourceTree = "<group>"; };
		17C70E432B0F69750045CC24 /* Inter-ExtraLight.ttf */ = {isa = PBXFileReference; lastKnownFileType = file; path = "Inter-ExtraLight.ttf"; sourceTree = "<group>"; };
		17C70E442B0F69750045CC24 /* Inter-Black.ttf */ = {isa = PBXFileReference; lastKnownFileType = file; path = "Inter-Black.ttf"; sourceTree = "<group>"; };
		17C70E452B0F69750045CC24 /* Inter-SemiBold.ttf */ = {isa = PBXFileReference; lastKnownFileType = file; path = "Inter-SemiBold.ttf"; sourceTree = "<group>"; };
		17C70E472B0F69750045CC24 /* Roboto-Medium.ttf */ = {isa = PBXFileReference; lastKnownFileType = file; path = "Roboto-Medium.ttf"; sourceTree = "<group>"; };
		17C70E482B0F69750045CC24 /* Roboto-Light.ttf */ = {isa = PBXFileReference; lastKnownFileType = file; path = "Roboto-Light.ttf"; sourceTree = "<group>"; };
		17C70E492B0F69750045CC24 /* Roboto-Regular.ttf */ = {isa = PBXFileReference; lastKnownFileType = file; path = "Roboto-Regular.ttf"; sourceTree = "<group>"; };
		17C70E4A2B0F69750045CC24 /* Roboto-MediumItalic.ttf */ = {isa = PBXFileReference; lastKnownFileType = file; path = "Roboto-MediumItalic.ttf"; sourceTree = "<group>"; };
		17C70E4B2B0F69750045CC24 /* Roboto-ThinItalic.ttf */ = {isa = PBXFileReference; lastKnownFileType = file; path = "Roboto-ThinItalic.ttf"; sourceTree = "<group>"; };
		17C70E4C2B0F69750045CC24 /* Roboto-BoldItalic.ttf */ = {isa = PBXFileReference; lastKnownFileType = file; path = "Roboto-BoldItalic.ttf"; sourceTree = "<group>"; };
		17C70E4D2B0F69750045CC24 /* Roboto-LightItalic.ttf */ = {isa = PBXFileReference; lastKnownFileType = file; path = "Roboto-LightItalic.ttf"; sourceTree = "<group>"; };
		17C70E4E2B0F69750045CC24 /* Roboto-Italic.ttf */ = {isa = PBXFileReference; lastKnownFileType = file; path = "Roboto-Italic.ttf"; sourceTree = "<group>"; };
		17C70E4F2B0F69750045CC24 /* Roboto-BlackItalic.ttf */ = {isa = PBXFileReference; lastKnownFileType = file; path = "Roboto-BlackItalic.ttf"; sourceTree = "<group>"; };
		17C70E502B0F69750045CC24 /* Roboto-Bold.ttf */ = {isa = PBXFileReference; lastKnownFileType = file; path = "Roboto-Bold.ttf"; sourceTree = "<group>"; };
		17C70E512B0F69750045CC24 /* Roboto-Thin.ttf */ = {isa = PBXFileReference; lastKnownFileType = file; path = "Roboto-Thin.ttf"; sourceTree = "<group>"; };
		17C70E522B0F69750045CC24 /* Roboto-Black.ttf */ = {isa = PBXFileReference; lastKnownFileType = file; path = "Roboto-Black.ttf"; sourceTree = "<group>"; };
		17C70E542B0F69750045CC24 /* Poppins-ExtraLight.ttf */ = {isa = PBXFileReference; lastKnownFileType = file; path = "Poppins-ExtraLight.ttf"; sourceTree = "<group>"; };
		17C70E552B0F69750045CC24 /* Poppins-ThinItalic.ttf */ = {isa = PBXFileReference; lastKnownFileType = file; path = "Poppins-ThinItalic.ttf"; sourceTree = "<group>"; };
		17C70E562B0F69750045CC24 /* Poppins-ExtraLightItalic.ttf */ = {isa = PBXFileReference; lastKnownFileType = file; path = "Poppins-ExtraLightItalic.ttf"; sourceTree = "<group>"; };
		17C70E572B0F69750045CC24 /* Poppins-BoldItalic.ttf */ = {isa = PBXFileReference; lastKnownFileType = file; path = "Poppins-BoldItalic.ttf"; sourceTree = "<group>"; };
		17C70E582B0F69750045CC24 /* Poppins-Light.ttf */ = {isa = PBXFileReference; lastKnownFileType = file; path = "Poppins-Light.ttf"; sourceTree = "<group>"; };
		17C70E592B0F69750045CC24 /* Poppins-Medium.ttf */ = {isa = PBXFileReference; lastKnownFileType = file; path = "Poppins-Medium.ttf"; sourceTree = "<group>"; };
		17C70E5A2B0F69750045CC24 /* Poppins-SemiBoldItalic.ttf */ = {isa = PBXFileReference; lastKnownFileType = file; path = "Poppins-SemiBoldItalic.ttf"; sourceTree = "<group>"; };
		17C70E5B2B0F69750045CC24 /* Poppins-ExtraBoldItalic.ttf */ = {isa = PBXFileReference; lastKnownFileType = file; path = "Poppins-ExtraBoldItalic.ttf"; sourceTree = "<group>"; };
		17C70E5C2B0F69750045CC24 /* Poppins-ExtraBold.ttf */ = {isa = PBXFileReference; lastKnownFileType = file; path = "Poppins-ExtraBold.ttf"; sourceTree = "<group>"; };
		17C70E5D2B0F69750045CC24 /* Poppins-BlackItalic.ttf */ = {isa = PBXFileReference; lastKnownFileType = file; path = "Poppins-BlackItalic.ttf"; sourceTree = "<group>"; };
		17C70E5E2B0F69750045CC24 /* Poppins-Regular.ttf */ = {isa = PBXFileReference; lastKnownFileType = file; path = "Poppins-Regular.ttf"; sourceTree = "<group>"; };
		17C70E5F2B0F69750045CC24 /* Poppins-LightItalic.ttf */ = {isa = PBXFileReference; lastKnownFileType = file; path = "Poppins-LightItalic.ttf"; sourceTree = "<group>"; };
		17C70E602B0F69750045CC24 /* Poppins-Bold.ttf */ = {isa = PBXFileReference; lastKnownFileType = file; path = "Poppins-Bold.ttf"; sourceTree = "<group>"; };
		17C70E612B0F69750045CC24 /* Poppins-Black.ttf */ = {isa = PBXFileReference; lastKnownFileType = file; path = "Poppins-Black.ttf"; sourceTree = "<group>"; };
		17C70E622B0F69750045CC24 /* Poppins-Thin.ttf */ = {isa = PBXFileReference; lastKnownFileType = file; path = "Poppins-Thin.ttf"; sourceTree = "<group>"; };
		17C70E632B0F69750045CC24 /* Poppins-SemiBold.ttf */ = {isa = PBXFileReference; lastKnownFileType = file; path = "Poppins-SemiBold.ttf"; sourceTree = "<group>"; };
		17C70E642B0F69750045CC24 /* Poppins-Italic.ttf */ = {isa = PBXFileReference; lastKnownFileType = file; path = "Poppins-Italic.ttf"; sourceTree = "<group>"; };
		17C70E652B0F69750045CC24 /* Poppins-MediumItalic.ttf */ = {isa = PBXFileReference; lastKnownFileType = file; path = "Poppins-MediumItalic.ttf"; sourceTree = "<group>"; };
		17C70ED02B1520150045CC24 /* FavoritesAssembly.swift */ = {isa = PBXFileReference; lastKnownFileType = sourcecode.swift; path = FavoritesAssembly.swift; sourceTree = "<group>"; };
		17C70EDC2B1524A10045CC24 /* FavoritesView.swift */ = {isa = PBXFileReference; lastKnownFileType = sourcecode.swift; path = FavoritesView.swift; sourceTree = "<group>"; };
		17C70EDE2B1524C20045CC24 /* RestautantCell.swift */ = {isa = PBXFileReference; lastKnownFileType = sourcecode.swift; path = RestautantCell.swift; sourceTree = "<group>"; };
		17C70EE02B1524D60045CC24 /* CellIdentifiers.swift */ = {isa = PBXFileReference; lastKnownFileType = sourcecode.swift; path = CellIdentifiers.swift; sourceTree = "<group>"; };
		17C70EE32B15B80E0045CC24 /* FavoritesPresenter.swift */ = {isa = PBXFileReference; lastKnownFileType = sourcecode.swift; path = FavoritesPresenter.swift; sourceTree = "<group>"; };
		17C70EE62B15BA3A0045CC24 /* FavoritesInteractor.swift */ = {isa = PBXFileReference; lastKnownFileType = sourcecode.swift; path = FavoritesInteractor.swift; sourceTree = "<group>"; };
		17C70EE92B15F76B0045CC24 /* Restaurant.swift */ = {isa = PBXFileReference; lastKnownFileType = sourcecode.swift; path = Restaurant.swift; sourceTree = "<group>"; };
		17C70EEB2B19A2800045CC24 /* FavoritesViewProtocols.swift */ = {isa = PBXFileReference; lastKnownFileType = sourcecode.swift; path = FavoritesViewProtocols.swift; sourceTree = "<group>"; };
		17C70EED2B19A31A0045CC24 /* FavoritesInteractorProtocols.swift */ = {isa = PBXFileReference; lastKnownFileType = sourcecode.swift; path = FavoritesInteractorProtocols.swift; sourceTree = "<group>"; };
		17C70EEF2B19A9230045CC24 /* Assets.xcassets */ = {isa = PBXFileReference; lastKnownFileType = folder.assetcatalog; path = Assets.xcassets; sourceTree = "<group>"; };
		17C996C02AEEE34900149D2C /* SettingsViewProtocol.swift */ = {isa = PBXFileReference; fileEncoding = 4; lastKnownFileType = sourcecode.swift; path = SettingsViewProtocol.swift; sourceTree = "<group>"; };
		17C996C22AEEE36500149D2C /* SettingsCurrencyPickerView.swift */ = {isa = PBXFileReference; fileEncoding = 4; lastKnownFileType = sourcecode.swift; path = SettingsCurrencyPickerView.swift; sourceTree = "<group>"; };
		17C996C42AEEE36A00149D2C /* SettingsLanguagePickerView.swift */ = {isa = PBXFileReference; fileEncoding = 4; lastKnownFileType = sourcecode.swift; path = SettingsLanguagePickerView.swift; sourceTree = "<group>"; };
		17C996C62AEEE3C400149D2C /* SettingsInteractorProtocol.swift */ = {isa = PBXFileReference; fileEncoding = 4; lastKnownFileType = sourcecode.swift; path = SettingsInteractorProtocol.swift; sourceTree = "<group>"; };
		17E2C87C2B2ADE67006F22F2 /* PhotoCell.swift */ = {isa = PBXFileReference; lastKnownFileType = sourcecode.swift; path = PhotoCell.swift; sourceTree = "<group>"; };
		17E2C87E2B2ADE6D006F22F2 /* InfoCell.swift */ = {isa = PBXFileReference; lastKnownFileType = sourcecode.swift; path = InfoCell.swift; sourceTree = "<group>"; };
		17E2C8802B2ADE72006F22F2 /* ContactButtonsCell.swift */ = {isa = PBXFileReference; lastKnownFileType = sourcecode.swift; path = ContactButtonsCell.swift; sourceTree = "<group>"; };
		17E2C8822B2ADE78006F22F2 /* ReviewsCell.swift */ = {isa = PBXFileReference; lastKnownFileType = sourcecode.swift; path = ReviewsCell.swift; sourceTree = "<group>"; };
		17E2C8842B2AEA6A006F22F2 /* FavoriteButtonCell.swift */ = {isa = PBXFileReference; lastKnownFileType = sourcecode.swift; path = FavoriteButtonCell.swift; sourceTree = "<group>"; };
		17ECF9542ADF1DB000943022 /* Restaurants.app */ = {isa = PBXFileReference; explicitFileType = wrapper.application; includeInIndex = 0; path = Restaurants.app; sourceTree = BUILT_PRODUCTS_DIR; };
		17ECF9572ADF1DB000943022 /* AppDelegate.swift */ = {isa = PBXFileReference; lastKnownFileType = sourcecode.swift; path = AppDelegate.swift; sourceTree = "<group>"; };
		17ECF9592ADF1DB000943022 /* SceneDelegate.swift */ = {isa = PBXFileReference; lastKnownFileType = sourcecode.swift; path = SceneDelegate.swift; sourceTree = "<group>"; };
		17ECF9632ADF1DB200943022 /* Base */ = {isa = PBXFileReference; lastKnownFileType = file.storyboard; name = Base; path = Base.lproj/LaunchScreen.storyboard; sourceTree = "<group>"; };
		17ECF9652ADF1DB200943022 /* Info.plist */ = {isa = PBXFileReference; lastKnownFileType = text.plist.xml; path = Info.plist; sourceTree = "<group>"; };
		ED4229ED2AFC335D00083244 /* SearchViewAssembly.swift */ = {isa = PBXFileReference; lastKnownFileType = sourcecode.swift; path = SearchViewAssembly.swift; sourceTree = "<group>"; };
		ED4229EF2AFD9EDF00083244 /* SearchViewProtocols.swift */ = {isa = PBXFileReference; lastKnownFileType = sourcecode.swift; path = SearchViewProtocols.swift; sourceTree = "<group>"; };
		ED4229F12AFDA18300083244 /* SearchViewPresenter.swift */ = {isa = PBXFileReference; lastKnownFileType = sourcecode.swift; path = SearchViewPresenter.swift; sourceTree = "<group>"; };
		ED4229F52AFDA41900083244 /* SearchViewInteractor.swift */ = {isa = PBXFileReference; lastKnownFileType = sourcecode.swift; path = SearchViewInteractor.swift; sourceTree = "<group>"; };
		ED4229F72AFDA42500083244 /* SearchViewInteractorProtocols.swift */ = {isa = PBXFileReference; lastKnownFileType = sourcecode.swift; path = SearchViewInteractorProtocols.swift; sourceTree = "<group>"; };
		ED4529C62AF15DCF00B4263A /* TopLabelView.swift */ = {isa = PBXFileReference; lastKnownFileType = sourcecode.swift; path = TopLabelView.swift; sourceTree = "<group>"; };
		ED56109F2AE8294600866B6C /* SearchViewController.swift */ = {isa = PBXFileReference; lastKnownFileType = sourcecode.swift; path = SearchViewController.swift; sourceTree = "<group>"; };
		ED5AB8E52AF6CAD8002129B9 /* SearchBar.swift */ = {isa = PBXFileReference; lastKnownFileType = sourcecode.swift; path = SearchBar.swift; sourceTree = "<group>"; };
		ED5AF5242B0C08C900642224 /* UIView+ext.swift */ = {isa = PBXFileReference; lastKnownFileType = sourcecode.swift; path = "UIView+ext.swift"; sourceTree = "<group>"; };
		ED5AF5262B0C08DE00642224 /* Array+ext.swift */ = {isa = PBXFileReference; lastKnownFileType = sourcecode.swift; path = "Array+ext.swift"; sourceTree = "<group>"; };
		ED5AF5282B0C08FC00642224 /* UIStackView+ext.swift */ = {isa = PBXFileReference; lastKnownFileType = sourcecode.swift; path = "UIStackView+ext.swift"; sourceTree = "<group>"; };
		ED5AF52A2B0C093C00642224 /* UIFont+ext.swift */ = {isa = PBXFileReference; lastKnownFileType = sourcecode.swift; path = "UIFont+ext.swift"; sourceTree = "<group>"; };
/* End PBXFileReference section */

/* Begin PBXFrameworksBuildPhase section */
		17ECF9512ADF1DB000943022 /* Frameworks */ = {
			isa = PBXFrameworksBuildPhase;
			buildActionMask = 2147483647;
			files = (
			);
			runOnlyForDeploymentPostprocessing = 0;
		};
/* End PBXFrameworksBuildPhase section */

/* Begin PBXGroup section */
		172BA4F42B22DAFF00572A41 /* DetailModule */ = {
			isa = PBXGroup;
			children = (
				172BA4F52B22DBB400572A41 /* DetailView */,
			);
			path = DetailModule;
			sourceTree = "<group>";
		};
		172BA4F52B22DBB400572A41 /* DetailView */ = {
			isa = PBXGroup;
			children = (
				172BA4FA2B22DCE200572A41 /* DetailView.swift */,
				178BFA912B2B1F3200E43DD9 /* DetailCellIdentifier.swift */,
				17E2C87B2B2ADE51006F22F2 /* DetailCells */,
			);
			path = DetailView;
			sourceTree = "<group>";
		};
		174F9F162B02A19800C945C0 /* TabBarModule */ = {
			isa = PBXGroup;
			children = (
				173E77012B05307F00ABCE2F /* Tabs.swift */,
				17A808C72B07FE4400BFF710 /* TabProperty.swift */,
				173E77032B0534BB00ABCE2F /* TabBarConfigurator.swift */,
			);
			path = TabBarModule;
			sourceTree = "<group>";
		};
		1752F2F32AE710720072A114 /* Application */ = {
			isa = PBXGroup;
			children = (
				17ECF9572ADF1DB000943022 /* AppDelegate.swift */,
				17ECF9592ADF1DB000943022 /* SceneDelegate.swift */,
			);
			path = Application;
			sourceTree = "<group>";
		};
		1752F2F42AE7107F0072A114 /* Resources */ = {
			isa = PBXGroup;
			children = (
				17C70EEF2B19A9230045CC24 /* Assets.xcassets */,
			);
			path = Resources;
			sourceTree = "<group>";
		};
		1752F2F52AE7108A0072A114 /* SupportingFiles */ = {
			isa = PBXGroup;
			children = (
				17ECF9622ADF1DB200943022 /* LaunchScreen.storyboard */,
				17ECF9652ADF1DB200943022 /* Info.plist */,
			);
			path = SupportingFiles;
			sourceTree = "<group>";
		};
		175324BC2B4D1C2E002870BD /* Services */ = {
			isa = PBXGroup;
			children = (
				175324BD2B4D1C34002870BD /* NetworkService */,
			);
			path = Services;
			sourceTree = "<group>";
		};
		175324BD2B4D1C34002870BD /* NetworkService */ = {
			isa = PBXGroup;
			children = (
				175324BE2B4D1C45002870BD /* NetworkError.swift */,
				175324C02B4D1C6A002870BD /* HTTPMethod.swift */,
				175324C22B4D1C7E002870BD /* NetworkService.swift */,
			);
			path = NetworkService;
			sourceTree = "<group>";
		};
		17A808C42B07315800BFF710 /* NavigationModule */ = {
			isa = PBXGroup;
			children = (
				1772D7AB2B0BF35E00E8F939 /* CustomNavigationController.swift */,
			);
			path = NavigationModule;
			sourceTree = "<group>";
		};
		17B151C12AE833780071C305 /* SettingsModule */ = {
			isa = PBXGroup;
			children = (
				17B151D52AE928670071C305 /* SettingsAssembly.swift */,
				17B151C22AE8360F0071C305 /* SettingsView */,
				17B151D22AE925E70071C305 /* SettingsInteractor */,
				17B151CC2AE8DCE20071C305 /* SettingsPresenter */,
			);
			path = SettingsModule;
			sourceTree = "<group>";
		};
		17B151C22AE8360F0071C305 /* SettingsView */ = {
			isa = PBXGroup;
			children = (
				17B151C32AE8362B0071C305 /* SettingsView.swift */,
				17C996C02AEEE34900149D2C /* SettingsViewProtocol.swift */,
				17B151C52AE838190071C305 /* Subviews */,
			);
			path = SettingsView;
			sourceTree = "<group>";
		};
		17B151C52AE838190071C305 /* Subviews */ = {
			isa = PBXGroup;
			children = (
				17C996C42AEEE36A00149D2C /* SettingsLanguagePickerView.swift */,
				17C996C22AEEE36500149D2C /* SettingsCurrencyPickerView.swift */,
				17B151C62AE8383B0071C305 /* SettingsTextField.swift */,
				17B151CA2AE845160071C305 /* SettingsButton.swift */,
			);
			path = Subviews;
			sourceTree = "<group>";
		};
		17B151CC2AE8DCE20071C305 /* SettingsPresenter */ = {
			isa = PBXGroup;
			children = (
				17B151CD2AE8DD090071C305 /* SettingsPresenter.swift */,
			);
			path = SettingsPresenter;
			sourceTree = "<group>";
		};
		17B151D22AE925E70071C305 /* SettingsInteractor */ = {
			isa = PBXGroup;
			children = (
				17B151D32AE926080071C305 /* SettingsInteractor.swift */,
				17C996C62AEEE3C400149D2C /* SettingsInteractorProtocol.swift */,
			);
			path = SettingsInteractor;
			sourceTree = "<group>";
		};
		17C70E3B2B0F69750045CC24 /* Fonts */ = {
			isa = PBXGroup;
			children = (
				17C70E3C2B0F69750045CC24 /* Inter */,
				17C70E462B0F69750045CC24 /* Roboto */,
				17C70E532B0F69750045CC24 /* Poppins */,
			);
			path = Fonts;
			sourceTree = "<group>";
		};
		17C70E3C2B0F69750045CC24 /* Inter */ = {
			isa = PBXGroup;
			children = (
				17C70E3D2B0F69750045CC24 /* Inter-Medium.ttf */,
				17C70E3E2B0F69750045CC24 /* Inter-Light.ttf */,
				17C70E3F2B0F69750045CC24 /* Inter-Thin.ttf */,
				17C70E402B0F69750045CC24 /* Inter-Bold.ttf */,
				17C70E412B0F69750045CC24 /* Inter-Regular.ttf */,
				17C70E422B0F69750045CC24 /* Inter-ExtraBold.ttf */,
				17C70E432B0F69750045CC24 /* Inter-ExtraLight.ttf */,
				17C70E442B0F69750045CC24 /* Inter-Black.ttf */,
				17C70E452B0F69750045CC24 /* Inter-SemiBold.ttf */,
			);
			path = Inter;
			sourceTree = "<group>";
		};
		17C70E462B0F69750045CC24 /* Roboto */ = {
			isa = PBXGroup;
			children = (
				17C70E472B0F69750045CC24 /* Roboto-Medium.ttf */,
				17C70E482B0F69750045CC24 /* Roboto-Light.ttf */,
				17C70E492B0F69750045CC24 /* Roboto-Regular.ttf */,
				17C70E4A2B0F69750045CC24 /* Roboto-MediumItalic.ttf */,
				17C70E4B2B0F69750045CC24 /* Roboto-ThinItalic.ttf */,
				17C70E4C2B0F69750045CC24 /* Roboto-BoldItalic.ttf */,
				17C70E4D2B0F69750045CC24 /* Roboto-LightItalic.ttf */,
				17C70E4E2B0F69750045CC24 /* Roboto-Italic.ttf */,
				17C70E4F2B0F69750045CC24 /* Roboto-BlackItalic.ttf */,
				17C70E502B0F69750045CC24 /* Roboto-Bold.ttf */,
				17C70E512B0F69750045CC24 /* Roboto-Thin.ttf */,
				17C70E522B0F69750045CC24 /* Roboto-Black.ttf */,
			);
			path = Roboto;
			sourceTree = "<group>";
		};
		17C70E532B0F69750045CC24 /* Poppins */ = {
			isa = PBXGroup;
			children = (
				17C70E542B0F69750045CC24 /* Poppins-ExtraLight.ttf */,
				17C70E552B0F69750045CC24 /* Poppins-ThinItalic.ttf */,
				17C70E562B0F69750045CC24 /* Poppins-ExtraLightItalic.ttf */,
				17C70E572B0F69750045CC24 /* Poppins-BoldItalic.ttf */,
				17C70E582B0F69750045CC24 /* Poppins-Light.ttf */,
				17C70E592B0F69750045CC24 /* Poppins-Medium.ttf */,
				17C70E5A2B0F69750045CC24 /* Poppins-SemiBoldItalic.ttf */,
				17C70E5B2B0F69750045CC24 /* Poppins-ExtraBoldItalic.ttf */,
				17C70E5C2B0F69750045CC24 /* Poppins-ExtraBold.ttf */,
				17C70E5D2B0F69750045CC24 /* Poppins-BlackItalic.ttf */,
				17C70E5E2B0F69750045CC24 /* Poppins-Regular.ttf */,
				17C70E5F2B0F69750045CC24 /* Poppins-LightItalic.ttf */,
				17C70E602B0F69750045CC24 /* Poppins-Bold.ttf */,
				17C70E612B0F69750045CC24 /* Poppins-Black.ttf */,
				17C70E622B0F69750045CC24 /* Poppins-Thin.ttf */,
				17C70E632B0F69750045CC24 /* Poppins-SemiBold.ttf */,
				17C70E642B0F69750045CC24 /* Poppins-Italic.ttf */,
				17C70E652B0F69750045CC24 /* Poppins-MediumItalic.ttf */,
			);
			path = Poppins;
			sourceTree = "<group>";
		};
		17C70EC32B146C180045CC24 /* FavoritesModule */ = {
			isa = PBXGroup;
			children = (
				17C70ED02B1520150045CC24 /* FavoritesAssembly.swift */,
				17C70EDB2B1524850045CC24 /* FavoritesView */,
				17C70EE52B15BA240045CC24 /* FavoritesInteractor */,
				17C70EE22B15B7F40045CC24 /* FavoritesPresenter */,
				17C70EE82B15F7220045CC24 /* FavoritesEntity */,
			);
			path = FavoritesModule;
			sourceTree = "<group>";
		};
		17C70EDB2B1524850045CC24 /* FavoritesView */ = {
			isa = PBXGroup;
			children = (
				17C70EDC2B1524A10045CC24 /* FavoritesView.swift */,
				17C70EDE2B1524C20045CC24 /* RestautantCell.swift */,
				17C70EE02B1524D60045CC24 /* CellIdentifiers.swift */,
				17C70EEB2B19A2800045CC24 /* FavoritesViewProtocols.swift */,
			);
			path = FavoritesView;
			sourceTree = "<group>";
		};
		17C70EE22B15B7F40045CC24 /* FavoritesPresenter */ = {
			isa = PBXGroup;
			children = (
				17C70EE32B15B80E0045CC24 /* FavoritesPresenter.swift */,
			);
			path = FavoritesPresenter;
			sourceTree = "<group>";
		};
		17C70EE52B15BA240045CC24 /* FavoritesInteractor */ = {
			isa = PBXGroup;
			children = (
				17C70EE62B15BA3A0045CC24 /* FavoritesInteractor.swift */,
				17C70EED2B19A31A0045CC24 /* FavoritesInteractorProtocols.swift */,
			);
			path = FavoritesInteractor;
			sourceTree = "<group>";
		};
		17C70EE82B15F7220045CC24 /* FavoritesEntity */ = {
			isa = PBXGroup;
			children = (
				17C70EE92B15F76B0045CC24 /* Restaurant.swift */,
			);
			path = FavoritesEntity;
			sourceTree = "<group>";
		};
		17E2C87B2B2ADE51006F22F2 /* DetailCells */ = {
			isa = PBXGroup;
			children = (
				17E2C87C2B2ADE67006F22F2 /* PhotoCell.swift */,
				17E2C87E2B2ADE6D006F22F2 /* InfoCell.swift */,
				17E2C8802B2ADE72006F22F2 /* ContactButtonsCell.swift */,
				17E2C8842B2AEA6A006F22F2 /* FavoriteButtonCell.swift */,
				17E2C8822B2ADE78006F22F2 /* ReviewsCell.swift */,
			);
			path = DetailCells;
			sourceTree = "<group>";
		};
		17ECF94B2ADF1DB000943022 = {
			isa = PBXGroup;
			children = (
				17ECF9562ADF1DB000943022 /* Restaurants */,
				17ECF9552ADF1DB000943022 /* Products */,
			);
			sourceTree = "<group>";
		};
		17ECF9552ADF1DB000943022 /* Products */ = {
			isa = PBXGroup;
			children = (
				17ECF9542ADF1DB000943022 /* Restaurants.app */,
			);
			name = Products;
			sourceTree = "<group>";
		};
		17ECF9562ADF1DB000943022 /* Restaurants */ = {
			isa = PBXGroup;
			children = (
				175324BC2B4D1C2E002870BD /* Services */,
				1752F2F32AE710720072A114 /* Application */,
				ED5AF52C2B0C0B7200642224 /* Modules */,
				ED5AF5232B0C08AC00642224 /* Extensions */,
				1752F2F42AE7107F0072A114 /* Resources */,
				1752F2F52AE7108A0072A114 /* SupportingFiles */,
			);
			path = Restaurants;
			sourceTree = "<group>";
		};
		ED4229EC2AFC333900083244 /* Assembly */ = {
			isa = PBXGroup;
			children = (
				ED4229ED2AFC335D00083244 /* SearchViewAssembly.swift */,
			);
			path = Assembly;
			sourceTree = "<group>";
		};
		ED4529C52AF15DB700B4263A /* Subviews */ = {
			isa = PBXGroup;
			children = (
				ED4529C62AF15DCF00B4263A /* TopLabelView.swift */,
				ED5AB8E52AF6CAD8002129B9 /* SearchBar.swift */,
			);
			path = Subviews;
			sourceTree = "<group>";
		};
		ED5610992AE8289000866B6C /* SearchModule */ = {
			isa = PBXGroup;
			children = (
				ED4229EC2AFC333900083244 /* Assembly */,
				ED56109A2AE8289F00866B6C /* View */,
				ED56109B2AE828A500866B6C /* Interactor */,
				ED56109C2AE828B100866B6C /* Presenter */,
			);
			path = SearchModule;
			sourceTree = "<group>";
		};
		ED56109A2AE8289F00866B6C /* View */ = {
			isa = PBXGroup;
			children = (
				ED56109F2AE8294600866B6C /* SearchViewController.swift */,
				ED4229EF2AFD9EDF00083244 /* SearchViewProtocols.swift */,
				ED4529C52AF15DB700B4263A /* Subviews */,
			);
			path = View;
			sourceTree = "<group>";
		};
		ED56109B2AE828A500866B6C /* Interactor */ = {
			isa = PBXGroup;
			children = (
				ED4229F52AFDA41900083244 /* SearchViewInteractor.swift */,
				ED4229F72AFDA42500083244 /* SearchViewInteractorProtocols.swift */,
			);
			path = Interactor;
			sourceTree = "<group>";
		};
		ED56109C2AE828B100866B6C /* Presenter */ = {
			isa = PBXGroup;
			children = (
				ED4229F12AFDA18300083244 /* SearchViewPresenter.swift */,
			);
			path = Presenter;
			sourceTree = "<group>";
		};
		ED5AF5232B0C08AC00642224 /* Extensions */ = {
			isa = PBXGroup;
			children = (
				ED5AF5242B0C08C900642224 /* UIView+ext.swift */,
				ED5AF5262B0C08DE00642224 /* Array+ext.swift */,
				ED5AF5282B0C08FC00642224 /* UIStackView+ext.swift */,
				ED5AF52A2B0C093C00642224 /* UIFont+ext.swift */,
				17C70E3B2B0F69750045CC24 /* Fonts */,
			);
			path = Extensions;
			sourceTree = "<group>";
		};
		ED5AF52C2B0C0B7200642224 /* Modules */ = {
			isa = PBXGroup;
			children = (
				172BA4F42B22DAFF00572A41 /* DetailModule */,
				174F9F162B02A19800C945C0 /* TabBarModule */,
				17A808C42B07315800BFF710 /* NavigationModule */,
				17B151C12AE833780071C305 /* SettingsModule */,
				ED5610992AE8289000866B6C /* SearchModule */,
				17C70EC32B146C180045CC24 /* FavoritesModule */,
			);
			path = Modules;
			sourceTree = "<group>";
		};
/* End PBXGroup section */

/* Begin PBXNativeTarget section */
		17ECF9532ADF1DB000943022 /* Restaurants */ = {
			isa = PBXNativeTarget;
			buildConfigurationList = 17ECF9682ADF1DB200943022 /* Build configuration list for PBXNativeTarget "Restaurants" */;
			buildPhases = (
				17ECF9502ADF1DB000943022 /* Sources */,
				17ECF9512ADF1DB000943022 /* Frameworks */,
				17ECF9522ADF1DB000943022 /* Resources */,
			);
			buildRules = (
			);
			dependencies = (
			);
			name = Restaurants;
			productName = Restaurants;
			productReference = 17ECF9542ADF1DB000943022 /* Restaurants.app */;
			productType = "com.apple.product-type.application";
		};
/* End PBXNativeTarget section */

/* Begin PBXProject section */
		17ECF94C2ADF1DB000943022 /* Project object */ = {
			isa = PBXProject;
			attributes = {
				BuildIndependentTargetsInParallel = 1;
				LastSwiftUpdateCheck = 1500;
				LastUpgradeCheck = 1510;
				TargetAttributes = {
					17ECF9532ADF1DB000943022 = {
						CreatedOnToolsVersion = 15.0;
					};
				};
			};
			buildConfigurationList = 17ECF94F2ADF1DB000943022 /* Build configuration list for PBXProject "Restaurants" */;
			compatibilityVersion = "Xcode 14.0";
			developmentRegion = en;
			hasScannedForEncodings = 0;
			knownRegions = (
				en,
				Base,
			);
			mainGroup = 17ECF94B2ADF1DB000943022;
			productRefGroup = 17ECF9552ADF1DB000943022 /* Products */;
			projectDirPath = "";
			projectRoot = "";
			targets = (
				17ECF9532ADF1DB000943022 /* Restaurants */,
			);
		};
/* End PBXProject section */

/* Begin PBXResourcesBuildPhase section */
		17ECF9522ADF1DB000943022 /* Resources */ = {
			isa = PBXResourcesBuildPhase;
			buildActionMask = 2147483647;
			files = (
				17C70E742B0F69750045CC24 /* Roboto-BoldItalic.ttf in Resources */,
				17C70E822B0F69750045CC24 /* Poppins-ExtraBoldItalic.ttf in Resources */,
				17C70E692B0F69750045CC24 /* Inter-Bold.ttf in Resources */,
				17C70E722B0F69750045CC24 /* Roboto-MediumItalic.ttf in Resources */,
				17ECF9642ADF1DB200943022 /* LaunchScreen.storyboard in Resources */,
				17C70E852B0F69750045CC24 /* Poppins-Regular.ttf in Resources */,
				17C70E792B0F69750045CC24 /* Roboto-Thin.ttf in Resources */,
				17C70E812B0F69750045CC24 /* Poppins-SemiBoldItalic.ttf in Resources */,
				17C70E6E2B0F69750045CC24 /* Inter-SemiBold.ttf in Resources */,
				17C70E7F2B0F69750045CC24 /* Poppins-Light.ttf in Resources */,
				17C70E842B0F69750045CC24 /* Poppins-BlackItalic.ttf in Resources */,
				17C70E6B2B0F69750045CC24 /* Inter-ExtraBold.ttf in Resources */,
				17C70E7D2B0F69750045CC24 /* Poppins-ExtraLightItalic.ttf in Resources */,
				17C70E832B0F69750045CC24 /* Poppins-ExtraBold.ttf in Resources */,
				17C70E772B0F69750045CC24 /* Roboto-BlackItalic.ttf in Resources */,
				17C70E862B0F69750045CC24 /* Poppins-LightItalic.ttf in Resources */,
				17C70E882B0F69750045CC24 /* Poppins-Black.ttf in Resources */,
				17C70E8C2B0F69750045CC24 /* Poppins-MediumItalic.ttf in Resources */,
				17C70E8B2B0F69750045CC24 /* Poppins-Italic.ttf in Resources */,
				17C70E672B0F69750045CC24 /* Inter-Light.ttf in Resources */,
				17C70E892B0F69750045CC24 /* Poppins-Thin.ttf in Resources */,
				17C70E762B0F69750045CC24 /* Roboto-Italic.ttf in Resources */,
				17C70E872B0F69750045CC24 /* Poppins-Bold.ttf in Resources */,
				17C70E682B0F69750045CC24 /* Inter-Thin.ttf in Resources */,
				17C70E7B2B0F69750045CC24 /* Poppins-ExtraLight.ttf in Resources */,
				17C70EF02B19A9230045CC24 /* Assets.xcassets in Resources */,
				17C70E662B0F69750045CC24 /* Inter-Medium.ttf in Resources */,
				17C70E802B0F69750045CC24 /* Poppins-Medium.ttf in Resources */,
				17C70E712B0F69750045CC24 /* Roboto-Regular.ttf in Resources */,
				17C70E6F2B0F69750045CC24 /* Roboto-Medium.ttf in Resources */,
				17C70E782B0F69750045CC24 /* Roboto-Bold.ttf in Resources */,
				17C70E7E2B0F69750045CC24 /* Poppins-BoldItalic.ttf in Resources */,
				17C70E8A2B0F69750045CC24 /* Poppins-SemiBold.ttf in Resources */,
				17C70E702B0F69750045CC24 /* Roboto-Light.ttf in Resources */,
				17C70E732B0F69750045CC24 /* Roboto-ThinItalic.ttf in Resources */,
				17C70E752B0F69750045CC24 /* Roboto-LightItalic.ttf in Resources */,
				17C70E6D2B0F69750045CC24 /* Inter-Black.ttf in Resources */,
				17C70E6C2B0F69750045CC24 /* Inter-ExtraLight.ttf in Resources */,
				17C70E7C2B0F69750045CC24 /* Poppins-ThinItalic.ttf in Resources */,
				17C70E7A2B0F69750045CC24 /* Roboto-Black.ttf in Resources */,
				17C70E6A2B0F69750045CC24 /* Inter-Regular.ttf in Resources */,
			);
			runOnlyForDeploymentPostprocessing = 0;
		};
/* End PBXResourcesBuildPhase section */

/* Begin PBXSourcesBuildPhase section */
		17ECF9502ADF1DB000943022 /* Sources */ = {
			isa = PBXSourcesBuildPhase;
			buildActionMask = 2147483647;
			files = (
				ED5610A02AE8294600866B6C /* SearchViewController.swift in Sources */,
				17ECF9582ADF1DB000943022 /* AppDelegate.swift in Sources */,
				ED5AB8E62AF6CAD8002129B9 /* SearchBar.swift in Sources */,
				17ECF95A2ADF1DB000943022 /* SceneDelegate.swift in Sources */,
				ED4229EE2AFC335D00083244 /* SearchViewAssembly.swift in Sources */,
				17C70EEC2B19A2800045CC24 /* FavoritesViewProtocols.swift in Sources */,
				ED5AF5292B0C08FC00642224 /* UIStackView+ext.swift in Sources */,
				178BFA922B2B1F3200E43DD9 /* DetailCellIdentifier.swift in Sources */,
				ED4229F22AFDA18300083244 /* SearchViewPresenter.swift in Sources */,
				ED4229F62AFDA41900083244 /* SearchViewInteractor.swift in Sources */,
				17C70EEA2B15F76B0045CC24 /* Restaurant.swift in Sources */,
				17C70ED12B1520150045CC24 /* FavoritesAssembly.swift in Sources */,
				ED4529C72AF15DCF00B4263A /* TopLabelView.swift in Sources */,
				ED4229F02AFD9EDF00083244 /* SearchViewProtocols.swift in Sources */,
				17E2C8832B2ADE78006F22F2 /* ReviewsCell.swift in Sources */,
				ED4229F82AFDA42500083244 /* SearchViewInteractorProtocols.swift in Sources */,
				17C70EEE2B19A31A0045CC24 /* FavoritesInteractorProtocols.swift in Sources */,
				17A808C82B07FE4400BFF710 /* TabProperty.swift in Sources */,
				17E2C8812B2ADE72006F22F2 /* ContactButtonsCell.swift in Sources */,
				1772D7AC2B0BF35E00E8F939 /* CustomNavigationController.swift in Sources */,
				17C70EE72B15BA3A0045CC24 /* FavoritesInteractor.swift in Sources */,
				17C70EDD2B1524A10045CC24 /* FavoritesView.swift in Sources */,
				175324C32B4D1C7E002870BD /* NetworkService.swift in Sources */,
				17E2C87D2B2ADE67006F22F2 /* PhotoCell.swift in Sources */,
				17B151C72AE8383B0071C305 /* SettingsTextField.swift in Sources */,
				17C996C12AEEE34900149D2C /* SettingsViewProtocol.swift in Sources */,
				175324BF2B4D1C45002870BD /* NetworkError.swift in Sources */,
				ED5AF52B2B0C093C00642224 /* UIFont+ext.swift in Sources */,
				17E2C8852B2AEA6A006F22F2 /* FavoriteButtonCell.swift in Sources */,
				ED5AF5252B0C08C900642224 /* UIView+ext.swift in Sources */,
				175324C12B4D1C6A002870BD /* HTTPMethod.swift in Sources */,
				17B151D62AE928670071C305 /* SettingsAssembly.swift in Sources */,
				17C996C32AEEE36500149D2C /* SettingsCurrencyPickerView.swift in Sources */,
				17B151C42AE8362B0071C305 /* SettingsView.swift in Sources */,
				17C996C52AEEE36A00149D2C /* SettingsLanguagePickerView.swift in Sources */,
				17B151CB2AE845160071C305 /* SettingsButton.swift in Sources */,
				17E2C87F2B2ADE6D006F22F2 /* InfoCell.swift in Sources */,
				173E77042B0534BB00ABCE2F /* TabBarConfigurator.swift in Sources */,
				17C70EDF2B1524C20045CC24 /* RestautantCell.swift in Sources */,
				17C996C72AEEE3C400149D2C /* SettingsInteractorProtocol.swift in Sources */,
				172BA4FB2B22DCE200572A41 /* DetailView.swift in Sources */,
				17B151CE2AE8DD090071C305 /* SettingsPresenter.swift in Sources */,
				ED5AF5272B0C08DE00642224 /* Array+ext.swift in Sources */,
				17B151D42AE926080071C305 /* SettingsInteractor.swift in Sources */,
				17C70EE12B1524D60045CC24 /* CellIdentifiers.swift in Sources */,
				17C70EE42B15B80E0045CC24 /* FavoritesPresenter.swift in Sources */,
				173E77022B05308000ABCE2F /* Tabs.swift in Sources */,
			);
			runOnlyForDeploymentPostprocessing = 0;
		};
/* End PBXSourcesBuildPhase section */

/* Begin PBXVariantGroup section */
		17ECF9622ADF1DB200943022 /* LaunchScreen.storyboard */ = {
			isa = PBXVariantGroup;
			children = (
				17ECF9632ADF1DB200943022 /* Base */,
			);
			name = LaunchScreen.storyboard;
			sourceTree = "<group>";
		};
/* End PBXVariantGroup section */

/* Begin XCBuildConfiguration section */
		17ECF9662ADF1DB200943022 /* Debug */ = {
			isa = XCBuildConfiguration;
			buildSettings = {
				ALWAYS_SEARCH_USER_PATHS = NO;
				ASSETCATALOG_COMPILER_GENERATE_SWIFT_ASSET_SYMBOL_EXTENSIONS = YES;
				CLANG_ANALYZER_NONNULL = YES;
				CLANG_ANALYZER_NUMBER_OBJECT_CONVERSION = YES_AGGRESSIVE;
				CLANG_CXX_LANGUAGE_STANDARD = "gnu++20";
				CLANG_ENABLE_MODULES = YES;
				CLANG_ENABLE_OBJC_ARC = YES;
				CLANG_ENABLE_OBJC_WEAK = YES;
				CLANG_WARN_BLOCK_CAPTURE_AUTORELEASING = YES;
				CLANG_WARN_BOOL_CONVERSION = YES;
				CLANG_WARN_COMMA = YES;
				CLANG_WARN_CONSTANT_CONVERSION = YES;
				CLANG_WARN_DEPRECATED_OBJC_IMPLEMENTATIONS = YES;
				CLANG_WARN_DIRECT_OBJC_ISA_USAGE = YES_ERROR;
				CLANG_WARN_DOCUMENTATION_COMMENTS = YES;
				CLANG_WARN_EMPTY_BODY = YES;
				CLANG_WARN_ENUM_CONVERSION = YES;
				CLANG_WARN_INFINITE_RECURSION = YES;
				CLANG_WARN_INT_CONVERSION = YES;
				CLANG_WARN_NON_LITERAL_NULL_CONVERSION = YES;
				CLANG_WARN_OBJC_IMPLICIT_RETAIN_SELF = YES;
				CLANG_WARN_OBJC_LITERAL_CONVERSION = YES;
				CLANG_WARN_OBJC_ROOT_CLASS = YES_ERROR;
				CLANG_WARN_QUOTED_INCLUDE_IN_FRAMEWORK_HEADER = YES;
				CLANG_WARN_RANGE_LOOP_ANALYSIS = YES;
				CLANG_WARN_STRICT_PROTOTYPES = YES;
				CLANG_WARN_SUSPICIOUS_MOVE = YES;
				CLANG_WARN_UNGUARDED_AVAILABILITY = YES_AGGRESSIVE;
				CLANG_WARN_UNREACHABLE_CODE = YES;
				CLANG_WARN__DUPLICATE_METHOD_MATCH = YES;
				COPY_PHASE_STRIP = NO;
				DEBUG_INFORMATION_FORMAT = dwarf;
				ENABLE_STRICT_OBJC_MSGSEND = YES;
				ENABLE_TESTABILITY = YES;
				ENABLE_USER_SCRIPT_SANDBOXING = YES;
				GCC_C_LANGUAGE_STANDARD = gnu17;
				GCC_DYNAMIC_NO_PIC = NO;
				GCC_NO_COMMON_BLOCKS = YES;
				GCC_OPTIMIZATION_LEVEL = 0;
				GCC_PREPROCESSOR_DEFINITIONS = (
					"DEBUG=1",
					"$(inherited)",
				);
				GCC_WARN_64_TO_32_BIT_CONVERSION = YES;
				GCC_WARN_ABOUT_RETURN_TYPE = YES_ERROR;
				GCC_WARN_UNDECLARED_SELECTOR = YES;
				GCC_WARN_UNINITIALIZED_AUTOS = YES_AGGRESSIVE;
				GCC_WARN_UNUSED_FUNCTION = YES;
				GCC_WARN_UNUSED_VARIABLE = YES;
				IPHONEOS_DEPLOYMENT_TARGET = 15.0;
				LOCALIZATION_PREFERS_STRING_CATALOGS = YES;
				MTL_ENABLE_DEBUG_INFO = INCLUDE_SOURCE;
				MTL_FAST_MATH = YES;
				ONLY_ACTIVE_ARCH = YES;
				SDKROOT = iphoneos;
				SWIFT_ACTIVE_COMPILATION_CONDITIONS = "DEBUG $(inherited)";
				SWIFT_OPTIMIZATION_LEVEL = "-Onone";
			};
			name = Debug;
		};
		17ECF9672ADF1DB200943022 /* Release */ = {
			isa = XCBuildConfiguration;
			buildSettings = {
				ALWAYS_SEARCH_USER_PATHS = NO;
				ASSETCATALOG_COMPILER_GENERATE_SWIFT_ASSET_SYMBOL_EXTENSIONS = YES;
				CLANG_ANALYZER_NONNULL = YES;
				CLANG_ANALYZER_NUMBER_OBJECT_CONVERSION = YES_AGGRESSIVE;
				CLANG_CXX_LANGUAGE_STANDARD = "gnu++20";
				CLANG_ENABLE_MODULES = YES;
				CLANG_ENABLE_OBJC_ARC = YES;
				CLANG_ENABLE_OBJC_WEAK = YES;
				CLANG_WARN_BLOCK_CAPTURE_AUTORELEASING = YES;
				CLANG_WARN_BOOL_CONVERSION = YES;
				CLANG_WARN_COMMA = YES;
				CLANG_WARN_CONSTANT_CONVERSION = YES;
				CLANG_WARN_DEPRECATED_OBJC_IMPLEMENTATIONS = YES;
				CLANG_WARN_DIRECT_OBJC_ISA_USAGE = YES_ERROR;
				CLANG_WARN_DOCUMENTATION_COMMENTS = YES;
				CLANG_WARN_EMPTY_BODY = YES;
				CLANG_WARN_ENUM_CONVERSION = YES;
				CLANG_WARN_INFINITE_RECURSION = YES;
				CLANG_WARN_INT_CONVERSION = YES;
				CLANG_WARN_NON_LITERAL_NULL_CONVERSION = YES;
				CLANG_WARN_OBJC_IMPLICIT_RETAIN_SELF = YES;
				CLANG_WARN_OBJC_LITERAL_CONVERSION = YES;
				CLANG_WARN_OBJC_ROOT_CLASS = YES_ERROR;
				CLANG_WARN_QUOTED_INCLUDE_IN_FRAMEWORK_HEADER = YES;
				CLANG_WARN_RANGE_LOOP_ANALYSIS = YES;
				CLANG_WARN_STRICT_PROTOTYPES = YES;
				CLANG_WARN_SUSPICIOUS_MOVE = YES;
				CLANG_WARN_UNGUARDED_AVAILABILITY = YES_AGGRESSIVE;
				CLANG_WARN_UNREACHABLE_CODE = YES;
				CLANG_WARN__DUPLICATE_METHOD_MATCH = YES;
				COPY_PHASE_STRIP = NO;
				DEBUG_INFORMATION_FORMAT = "dwarf-with-dsym";
				ENABLE_NS_ASSERTIONS = NO;
				ENABLE_STRICT_OBJC_MSGSEND = YES;
				ENABLE_USER_SCRIPT_SANDBOXING = YES;
				GCC_C_LANGUAGE_STANDARD = gnu17;
				GCC_NO_COMMON_BLOCKS = YES;
				GCC_WARN_64_TO_32_BIT_CONVERSION = YES;
				GCC_WARN_ABOUT_RETURN_TYPE = YES_ERROR;
				GCC_WARN_UNDECLARED_SELECTOR = YES;
				GCC_WARN_UNINITIALIZED_AUTOS = YES_AGGRESSIVE;
				GCC_WARN_UNUSED_FUNCTION = YES;
				GCC_WARN_UNUSED_VARIABLE = YES;
				IPHONEOS_DEPLOYMENT_TARGET = 15.0;
				LOCALIZATION_PREFERS_STRING_CATALOGS = YES;
				MTL_ENABLE_DEBUG_INFO = NO;
				MTL_FAST_MATH = YES;
				SDKROOT = iphoneos;
				SWIFT_COMPILATION_MODE = wholemodule;
				VALIDATE_PRODUCT = YES;
			};
			name = Release;
		};
		17ECF9692ADF1DB200943022 /* Debug */ = {
			isa = XCBuildConfiguration;
			buildSettings = {
				ASSETCATALOG_COMPILER_APPICON_NAME = AppIcon;
				ASSETCATALOG_COMPILER_GLOBAL_ACCENT_COLOR_NAME = AccentColor;
				CODE_SIGN_STYLE = Automatic;
				CURRENT_PROJECT_VERSION = 1;
				DEVELOPMENT_TEAM = 6CZNS4ZZ97;
				GENERATE_INFOPLIST_FILE = YES;
				INFOPLIST_FILE = Restaurants/SupportingFiles/Info.plist;
				INFOPLIST_KEY_UIApplicationSupportsIndirectInputEvents = YES;
				INFOPLIST_KEY_UILaunchStoryboardName = LaunchScreen;
				INFOPLIST_KEY_UISupportedInterfaceOrientations = UIInterfaceOrientationPortrait;
				INFOPLIST_KEY_UISupportedInterfaceOrientations_iPad = "UIInterfaceOrientationLandscapeLeft UIInterfaceOrientationLandscapeRight UIInterfaceOrientationPortrait UIInterfaceOrientationPortraitUpsideDown";
				IPHONEOS_DEPLOYMENT_TARGET = 15.0;
				LD_RUNPATH_SEARCH_PATHS = (
					"$(inherited)",
					"@executable_path/Frameworks",
				);
				MARKETING_VERSION = 1.0;
				PRODUCT_BUNDLE_IDENTIFIER = salakhoff.Restaurants;
				PRODUCT_NAME = "$(TARGET_NAME)";
				SUPPORTED_PLATFORMS = "iphoneos iphonesimulator";
				SUPPORTS_MACCATALYST = NO;
				SUPPORTS_MAC_DESIGNED_FOR_IPHONE_IPAD = NO;
				SWIFT_EMIT_LOC_STRINGS = YES;
				SWIFT_VERSION = 5.0;
				TARGETED_DEVICE_FAMILY = 1;
			};
			name = Debug;
		};
		17ECF96A2ADF1DB200943022 /* Release */ = {
			isa = XCBuildConfiguration;
			buildSettings = {
				ASSETCATALOG_COMPILER_APPICON_NAME = AppIcon;
				ASSETCATALOG_COMPILER_GLOBAL_ACCENT_COLOR_NAME = AccentColor;
				CODE_SIGN_STYLE = Automatic;
				CURRENT_PROJECT_VERSION = 1;
				DEVELOPMENT_TEAM = 6CZNS4ZZ97;
				GENERATE_INFOPLIST_FILE = YES;
				INFOPLIST_FILE = Restaurants/SupportingFiles/Info.plist;
				INFOPLIST_KEY_UIApplicationSupportsIndirectInputEvents = YES;
				INFOPLIST_KEY_UILaunchStoryboardName = LaunchScreen;
				INFOPLIST_KEY_UISupportedInterfaceOrientations = UIInterfaceOrientationPortrait;
				INFOPLIST_KEY_UISupportedInterfaceOrientations_iPad = "UIInterfaceOrientationLandscapeLeft UIInterfaceOrientationLandscapeRight UIInterfaceOrientationPortrait UIInterfaceOrientationPortraitUpsideDown";
				IPHONEOS_DEPLOYMENT_TARGET = 15.0;
				LD_RUNPATH_SEARCH_PATHS = (
					"$(inherited)",
					"@executable_path/Frameworks",
				);
				MARKETING_VERSION = 1.0;
				PRODUCT_BUNDLE_IDENTIFIER = salakhoff.Restaurants;
				PRODUCT_NAME = "$(TARGET_NAME)";
				SUPPORTED_PLATFORMS = "iphoneos iphonesimulator";
				SUPPORTS_MACCATALYST = NO;
				SUPPORTS_MAC_DESIGNED_FOR_IPHONE_IPAD = NO;
				SWIFT_EMIT_LOC_STRINGS = YES;
				SWIFT_VERSION = 5.0;
				TARGETED_DEVICE_FAMILY = 1;
			};
			name = Release;
		};
/* End XCBuildConfiguration section */

/* Begin XCConfigurationList section */
		17ECF94F2ADF1DB000943022 /* Build configuration list for PBXProject "Restaurants" */ = {
			isa = XCConfigurationList;
			buildConfigurations = (
				17ECF9662ADF1DB200943022 /* Debug */,
				17ECF9672ADF1DB200943022 /* Release */,
			);
			defaultConfigurationIsVisible = 0;
			defaultConfigurationName = Release;
		};
		17ECF9682ADF1DB200943022 /* Build configuration list for PBXNativeTarget "Restaurants" */ = {
			isa = XCConfigurationList;
			buildConfigurations = (
				17ECF9692ADF1DB200943022 /* Debug */,
				17ECF96A2ADF1DB200943022 /* Release */,
			);
			defaultConfigurationIsVisible = 0;
			defaultConfigurationName = Release;
		};
/* End XCConfigurationList section */
	};
	rootObject = 17ECF94C2ADF1DB000943022 /* Project object */;
}
