// !$*UTF8*$!
{
	archiveVersion = 1;
	classes = {
	};
	objectVersion = 56;
	objects = {

/* Begin PBXBuildFile section */
		17B151C42AE8362B0071C305 /* SettingsView.swift in Sources */ = {isa = PBXBuildFile; fileRef = 17B151C32AE8362B0071C305 /* SettingsView.swift */; };
		17B151C72AE8383B0071C305 /* SettingsTextField.swift in Sources */ = {isa = PBXBuildFile; fileRef = 17B151C62AE8383B0071C305 /* SettingsTextField.swift */; };
		17B151C92AE83DA10071C305 /* SettingsStackView.swift in Sources */ = {isa = PBXBuildFile; fileRef = 17B151C82AE83DA10071C305 /* SettingsStackView.swift */; };
		17B151CB2AE845160071C305 /* SettingsButton.swift in Sources */ = {isa = PBXBuildFile; fileRef = 17B151CA2AE845160071C305 /* SettingsButton.swift */; };
		17B151CE2AE8DD090071C305 /* SettingsPresenter.swift in Sources */ = {isa = PBXBuildFile; fileRef = 17B151CD2AE8DD090071C305 /* SettingsPresenter.swift */; };
		17B151D42AE926080071C305 /* SettingsInteractor.swift in Sources */ = {isa = PBXBuildFile; fileRef = 17B151D32AE926080071C305 /* SettingsInteractor.swift */; };
		17B151D62AE928670071C305 /* SettingsAssembly.swift in Sources */ = {isa = PBXBuildFile; fileRef = 17B151D52AE928670071C305 /* SettingsAssembly.swift */; };
		17C996C12AEEE34900149D2C /* SettingsViewProtocol.swift in Sources */ = {isa = PBXBuildFile; fileRef = 17C996C02AEEE34900149D2C /* SettingsViewProtocol.swift */; };
		17C996C32AEEE36500149D2C /* SettingsCurrencyPickerView.swift in Sources */ = {isa = PBXBuildFile; fileRef = 17C996C22AEEE36500149D2C /* SettingsCurrencyPickerView.swift */; };
		17C996C52AEEE36A00149D2C /* SettingsLanguagePickerView.swift in Sources */ = {isa = PBXBuildFile; fileRef = 17C996C42AEEE36A00149D2C /* SettingsLanguagePickerView.swift */; };
		17C996C72AEEE3C400149D2C /* SettingsInteractorProtocol.swift in Sources */ = {isa = PBXBuildFile; fileRef = 17C996C62AEEE3C400149D2C /* SettingsInteractorProtocol.swift */; };
		17ECF9582ADF1DB000943022 /* AppDelegate.swift in Sources */ = {isa = PBXBuildFile; fileRef = 17ECF9572ADF1DB000943022 /* AppDelegate.swift */; };
		17ECF95A2ADF1DB000943022 /* SceneDelegate.swift in Sources */ = {isa = PBXBuildFile; fileRef = 17ECF9592ADF1DB000943022 /* SceneDelegate.swift */; };
		17ECF9612ADF1DB200943022 /* Assets.xcassets in Resources */ = {isa = PBXBuildFile; fileRef = 17ECF9602ADF1DB200943022 /* Assets.xcassets */; };
		17ECF9642ADF1DB200943022 /* LaunchScreen.storyboard in Resources */ = {isa = PBXBuildFile; fileRef = 17ECF9622ADF1DB200943022 /* LaunchScreen.storyboard */; };
/* End PBXBuildFile section */

/* Begin PBXFileReference section */
		17B151C32AE8362B0071C305 /* SettingsView.swift */ = {isa = PBXFileReference; lastKnownFileType = sourcecode.swift; path = SettingsView.swift; sourceTree = "<group>"; };
		17B151C62AE8383B0071C305 /* SettingsTextField.swift */ = {isa = PBXFileReference; lastKnownFileType = sourcecode.swift; path = SettingsTextField.swift; sourceTree = "<group>"; };
		17B151C82AE83DA10071C305 /* SettingsStackView.swift */ = {isa = PBXFileReference; lastKnownFileType = sourcecode.swift; path = SettingsStackView.swift; sourceTree = "<group>"; };
		17B151CA2AE845160071C305 /* SettingsButton.swift */ = {isa = PBXFileReference; lastKnownFileType = sourcecode.swift; path = SettingsButton.swift; sourceTree = "<group>"; };
		17B151CD2AE8DD090071C305 /* SettingsPresenter.swift */ = {isa = PBXFileReference; lastKnownFileType = sourcecode.swift; path = SettingsPresenter.swift; sourceTree = "<group>"; };
		17B151D32AE926080071C305 /* SettingsInteractor.swift */ = {isa = PBXFileReference; lastKnownFileType = sourcecode.swift; path = SettingsInteractor.swift; sourceTree = "<group>"; };
		17B151D52AE928670071C305 /* SettingsAssembly.swift */ = {isa = PBXFileReference; lastKnownFileType = sourcecode.swift; path = SettingsAssembly.swift; sourceTree = "<group>"; };
		17C996C02AEEE34900149D2C /* SettingsViewProtocol.swift */ = {isa = PBXFileReference; fileEncoding = 4; lastKnownFileType = sourcecode.swift; path = SettingsViewProtocol.swift; sourceTree = "<group>"; };
		17C996C22AEEE36500149D2C /* SettingsCurrencyPickerView.swift */ = {isa = PBXFileReference; fileEncoding = 4; lastKnownFileType = sourcecode.swift; path = SettingsCurrencyPickerView.swift; sourceTree = "<group>"; };
		17C996C42AEEE36A00149D2C /* SettingsLanguagePickerView.swift */ = {isa = PBXFileReference; fileEncoding = 4; lastKnownFileType = sourcecode.swift; path = SettingsLanguagePickerView.swift; sourceTree = "<group>"; };
		17C996C62AEEE3C400149D2C /* SettingsInteractorProtocol.swift */ = {isa = PBXFileReference; fileEncoding = 4; lastKnownFileType = sourcecode.swift; path = SettingsInteractorProtocol.swift; sourceTree = "<group>"; };
		17ECF9542ADF1DB000943022 /* Restaurants.app */ = {isa = PBXFileReference; explicitFileType = wrapper.application; includeInIndex = 0; path = Restaurants.app; sourceTree = BUILT_PRODUCTS_DIR; };
		17ECF9572ADF1DB000943022 /* AppDelegate.swift */ = {isa = PBXFileReference; lastKnownFileType = sourcecode.swift; path = AppDelegate.swift; sourceTree = "<group>"; };
		17ECF9592ADF1DB000943022 /* SceneDelegate.swift */ = {isa = PBXFileReference; lastKnownFileType = sourcecode.swift; path = SceneDelegate.swift; sourceTree = "<group>"; };
		17ECF9602ADF1DB200943022 /* Assets.xcassets */ = {isa = PBXFileReference; lastKnownFileType = folder.assetcatalog; path = Assets.xcassets; sourceTree = "<group>"; };
		17ECF9632ADF1DB200943022 /* Base */ = {isa = PBXFileReference; lastKnownFileType = file.storyboard; name = Base; path = Base.lproj/LaunchScreen.storyboard; sourceTree = "<group>"; };
		17ECF9652ADF1DB200943022 /* Info.plist */ = {isa = PBXFileReference; lastKnownFileType = text.plist.xml; path = Info.plist; sourceTree = "<group>"; };
/* End PBXFileReference section */

/* Begin PBXFrameworksBuildPhase section */
		17ECF9512ADF1DB000943022 /* Frameworks */ = {
			isa = PBXFrameworksBuildPhase;
			buildActionMask = 2147483647;
			files = (
			);
			runOnlyForDeploymentPostprocessing = 0;
		};
/* End PBXFrameworksBuildPhase section */

/* Begin PBXGroup section */
		1752F2F32AE710720072A114 /* Application */ = {
			isa = PBXGroup;
			children = (
				17ECF9572ADF1DB000943022 /* AppDelegate.swift */,
				17ECF9592ADF1DB000943022 /* SceneDelegate.swift */,
			);
			path = Application;
			sourceTree = "<group>";
		};
		1752F2F42AE7107F0072A114 /* Resources */ = {
			isa = PBXGroup;
			children = (
				17ECF9602ADF1DB200943022 /* Assets.xcassets */,
			);
			path = Resources;
			sourceTree = "<group>";
		};
		1752F2F52AE7108A0072A114 /* SupportingFiles */ = {
			isa = PBXGroup;
			children = (
				17ECF9622ADF1DB200943022 /* LaunchScreen.storyboard */,
				17ECF9652ADF1DB200943022 /* Info.plist */,
			);
			path = SupportingFiles;
			sourceTree = "<group>";
		};
		17B151C12AE833780071C305 /* SettingsModule */ = {
			isa = PBXGroup;
			children = (
				17B151D52AE928670071C305 /* SettingsAssembly.swift */,
				17B151C22AE8360F0071C305 /* SettingsView */,
				17B151D22AE925E70071C305 /* SettingsInteractor */,
				17B151CC2AE8DCE20071C305 /* SettingsPresenter */,
			);
			path = SettingsModule;
			sourceTree = "<group>";
		};
		17B151C22AE8360F0071C305 /* SettingsView */ = {
			isa = PBXGroup;
			children = (
				17B151C32AE8362B0071C305 /* SettingsView.swift */,
				17C996C02AEEE34900149D2C /* SettingsViewProtocol.swift */,
				17B151C52AE838190071C305 /* Subviews */,
			);
			path = SettingsView;
			sourceTree = "<group>";
		};
		17B151C52AE838190071C305 /* Subviews */ = {
			isa = PBXGroup;
			children = (
				17C996C42AEEE36A00149D2C /* SettingsLanguagePickerView.swift */,
				17C996C22AEEE36500149D2C /* SettingsCurrencyPickerView.swift */,
				17B151C62AE8383B0071C305 /* SettingsTextField.swift */,
				17B151CA2AE845160071C305 /* SettingsButton.swift */,
				17B151C82AE83DA10071C305 /* SettingsStackView.swift */,
			);
			path = Subviews;
			sourceTree = "<group>";
		};
		17B151CC2AE8DCE20071C305 /* SettingsPresenter */ = {
			isa = PBXGroup;
			children = (
				17B151CD2AE8DD090071C305 /* SettingsPresenter.swift */,
			);
			path = SettingsPresenter;
			sourceTree = "<group>";
		};
		17B151D22AE925E70071C305 /* SettingsInteractor */ = {
			isa = PBXGroup;
			children = (
				17B151D32AE926080071C305 /* SettingsInteractor.swift */,
				17C996C62AEEE3C400149D2C /* SettingsInteractorProtocol.swift */,
			);
			path = SettingsInteractor;
			sourceTree = "<group>";
		};
		17ECF94B2ADF1DB000943022 = {
			isa = PBXGroup;
			children = (
				17ECF9562ADF1DB000943022 /* Restaurants */,
				17ECF9552ADF1DB000943022 /* Products */,
			);
			sourceTree = "<group>";
		};
		17ECF9552ADF1DB000943022 /* Products */ = {
			isa = PBXGroup;
			children = (
				17ECF9542ADF1DB000943022 /* Restaurants.app */,
			);
			name = Products;
			sourceTree = "<group>";
		};
		17ECF9562ADF1DB000943022 /* Restaurants */ = {
			isa = PBXGroup;
			children = (
				1752F2F32AE710720072A114 /* Application */,
				17B151C12AE833780071C305 /* SettingsModule */,
				1752F2F42AE7107F0072A114 /* Resources */,
				1752F2F52AE7108A0072A114 /* SupportingFiles */,
			);
			path = Restaurants;
			sourceTree = "<group>";
		};
/* End PBXGroup section */

/* Begin PBXNativeTarget section */
		17ECF9532ADF1DB000943022 /* Restaurants */ = {
			isa = PBXNativeTarget;
			buildConfigurationList = 17ECF9682ADF1DB200943022 /* Build configuration list for PBXNativeTarget "Restaurants" */;
			buildPhases = (
				17ECF9502ADF1DB000943022 /* Sources */,
				17ECF9512ADF1DB000943022 /* Frameworks */,
				17ECF9522ADF1DB000943022 /* Resources */,
			);
			buildRules = (
			);
			dependencies = (
			);
			name = Restaurants;
			productName = Restaurants;
			productReference = 17ECF9542ADF1DB000943022 /* Restaurants.app */;
			productType = "com.apple.product-type.application";
		};
/* End PBXNativeTarget section */

/* Begin PBXProject section */
		17ECF94C2ADF1DB000943022 /* Project object */ = {
			isa = PBXProject;
			attributes = {
				BuildIndependentTargetsInParallel = 1;
				LastSwiftUpdateCheck = 1500;
				LastUpgradeCheck = 1500;
				TargetAttributes = {
					17ECF9532ADF1DB000943022 = {
						CreatedOnToolsVersion = 15.0;
					};
				};
			};
			buildConfigurationList = 17ECF94F2ADF1DB000943022 /* Build configuration list for PBXProject "Restaurants" */;
			compatibilityVersion = "Xcode 14.0";
			developmentRegion = en;
			hasScannedForEncodings = 0;
			knownRegions = (
				en,
				Base,
			);
			mainGroup = 17ECF94B2ADF1DB000943022;
			productRefGroup = 17ECF9552ADF1DB000943022 /* Products */;
			projectDirPath = "";
			projectRoot = "";
			targets = (
				17ECF9532ADF1DB000943022 /* Restaurants */,
			);
		};
/* End PBXProject section */

/* Begin PBXResourcesBuildPhase section */
		17ECF9522ADF1DB000943022 /* Resources */ = {
			isa = PBXResourcesBuildPhase;
			buildActionMask = 2147483647;
			files = (
				17ECF9642ADF1DB200943022 /* LaunchScreen.storyboard in Resources */,
				17ECF9612ADF1DB200943022 /* Assets.xcassets in Resources */,
			);
			runOnlyForDeploymentPostprocessing = 0;
		};
/* End PBXResourcesBuildPhase section */

/* Begin PBXSourcesBuildPhase section */
		17ECF9502ADF1DB000943022 /* Sources */ = {
			isa = PBXSourcesBuildPhase;
			buildActionMask = 2147483647;
			files = (
				17B151C92AE83DA10071C305 /* SettingsStackView.swift in Sources */,
				17B151C72AE8383B0071C305 /* SettingsTextField.swift in Sources */,
				17C996C12AEEE34900149D2C /* SettingsViewProtocol.swift in Sources */,
				17B151D62AE928670071C305 /* SettingsAssembly.swift in Sources */,
				17C996C32AEEE36500149D2C /* SettingsCurrencyPickerView.swift in Sources */,
				17B151C42AE8362B0071C305 /* SettingsView.swift in Sources */,
				17C996C52AEEE36A00149D2C /* SettingsLanguagePickerView.swift in Sources */,
				17ECF9582ADF1DB000943022 /* AppDelegate.swift in Sources */,
				17B151CB2AE845160071C305 /* SettingsButton.swift in Sources */,
				17ECF95A2ADF1DB000943022 /* SceneDelegate.swift in Sources */,
				17C996C72AEEE3C400149D2C /* SettingsInteractorProtocol.swift in Sources */,
				17B151CE2AE8DD090071C305 /* SettingsPresenter.swift in Sources */,
				17B151D42AE926080071C305 /* SettingsInteractor.swift in Sources */,
			);
			runOnlyForDeploymentPostprocessing = 0;
		};
/* End PBXSourcesBuildPhase section */

/* Begin PBXVariantGroup section */
		17ECF9622ADF1DB200943022 /* LaunchScreen.storyboard */ = {
			isa = PBXVariantGroup;
			children = (
				17ECF9632ADF1DB200943022 /* Base */,
			);
			name = LaunchScreen.storyboard;
			sourceTree = "<group>";
		};
/* End PBXVariantGroup section */

/* Begin XCBuildConfiguration section */
		17ECF9662ADF1DB200943022 /* Debug */ = {
			isa = XCBuildConfiguration;
			buildSettings = {
				ALWAYS_SEARCH_USER_PATHS = NO;
				ASSETCATALOG_COMPILER_GENERATE_SWIFT_ASSET_SYMBOL_EXTENSIONS = YES;
				CLANG_ANALYZER_NONNULL = YES;
				CLANG_ANALYZER_NUMBER_OBJECT_CONVERSION = YES_AGGRESSIVE;
				CLANG_CXX_LANGUAGE_STANDARD = "gnu++20";
				CLANG_ENABLE_MODULES = YES;
				CLANG_ENABLE_OBJC_ARC = YES;
				CLANG_ENABLE_OBJC_WEAK = YES;
				CLANG_WARN_BLOCK_CAPTURE_AUTORELEASING = YES;
				CLANG_WARN_BOOL_CONVERSION = YES;
				CLANG_WARN_COMMA = YES;
				CLANG_WARN_CONSTANT_CONVERSION = YES;
				CLANG_WARN_DEPRECATED_OBJC_IMPLEMENTATIONS = YES;
				CLANG_WARN_DIRECT_OBJC_ISA_USAGE = YES_ERROR;
				CLANG_WARN_DOCUMENTATION_COMMENTS = YES;
				CLANG_WARN_EMPTY_BODY = YES;
				CLANG_WARN_ENUM_CONVERSION = YES;
				CLANG_WARN_INFINITE_RECURSION = YES;
				CLANG_WARN_INT_CONVERSION = YES;
				CLANG_WARN_NON_LITERAL_NULL_CONVERSION = YES;
				CLANG_WARN_OBJC_IMPLICIT_RETAIN_SELF = YES;
				CLANG_WARN_OBJC_LITERAL_CONVERSION = YES;
				CLANG_WARN_OBJC_ROOT_CLASS = YES_ERROR;
				CLANG_WARN_QUOTED_INCLUDE_IN_FRAMEWORK_HEADER = YES;
				CLANG_WARN_RANGE_LOOP_ANALYSIS = YES;
				CLANG_WARN_STRICT_PROTOTYPES = YES;
				CLANG_WARN_SUSPICIOUS_MOVE = YES;
				CLANG_WARN_UNGUARDED_AVAILABILITY = YES_AGGRESSIVE;
				CLANG_WARN_UNREACHABLE_CODE = YES;
				CLANG_WARN__DUPLICATE_METHOD_MATCH = YES;
				COPY_PHASE_STRIP = NO;
				DEBUG_INFORMATION_FORMAT = dwarf;
				ENABLE_STRICT_OBJC_MSGSEND = YES;
				ENABLE_TESTABILITY = YES;
				ENABLE_USER_SCRIPT_SANDBOXING = YES;
				GCC_C_LANGUAGE_STANDARD = gnu17;
				GCC_DYNAMIC_NO_PIC = NO;
				GCC_NO_COMMON_BLOCKS = YES;
				GCC_OPTIMIZATION_LEVEL = 0;
				GCC_PREPROCESSOR_DEFINITIONS = (
					"DEBUG=1",
					"$(inherited)",
				);
				GCC_WARN_64_TO_32_BIT_CONVERSION = YES;
				GCC_WARN_ABOUT_RETURN_TYPE = YES_ERROR;
				GCC_WARN_UNDECLARED_SELECTOR = YES;
				GCC_WARN_UNINITIALIZED_AUTOS = YES_AGGRESSIVE;
				GCC_WARN_UNUSED_FUNCTION = YES;
				GCC_WARN_UNUSED_VARIABLE = YES;
				IPHONEOS_DEPLOYMENT_TARGET = 15.0;
				LOCALIZATION_PREFERS_STRING_CATALOGS = YES;
				MTL_ENABLE_DEBUG_INFO = INCLUDE_SOURCE;
				MTL_FAST_MATH = YES;
				ONLY_ACTIVE_ARCH = YES;
				SDKROOT = iphoneos;
				SWIFT_ACTIVE_COMPILATION_CONDITIONS = "DEBUG $(inherited)";
				SWIFT_OPTIMIZATION_LEVEL = "-Onone";
			};
			name = Debug;
		};
		17ECF9672ADF1DB200943022 /* Release */ = {
			isa = XCBuildConfiguration;
			buildSettings = {
				ALWAYS_SEARCH_USER_PATHS = NO;
				ASSETCATALOG_COMPILER_GENERATE_SWIFT_ASSET_SYMBOL_EXTENSIONS = YES;
				CLANG_ANALYZER_NONNULL = YES;
				CLANG_ANALYZER_NUMBER_OBJECT_CONVERSION = YES_AGGRESSIVE;
				CLANG_CXX_LANGUAGE_STANDARD = "gnu++20";
				CLANG_ENABLE_MODULES = YES;
				CLANG_ENABLE_OBJC_ARC = YES;
				CLANG_ENABLE_OBJC_WEAK = YES;
				CLANG_WARN_BLOCK_CAPTURE_AUTORELEASING = YES;
				CLANG_WARN_BOOL_CONVERSION = YES;
				CLANG_WARN_COMMA = YES;
				CLANG_WARN_CONSTANT_CONVERSION = YES;
				CLANG_WARN_DEPRECATED_OBJC_IMPLEMENTATIONS = YES;
				CLANG_WARN_DIRECT_OBJC_ISA_USAGE = YES_ERROR;
				CLANG_WARN_DOCUMENTATION_COMMENTS = YES;
				CLANG_WARN_EMPTY_BODY = YES;
				CLANG_WARN_ENUM_CONVERSION = YES;
				CLANG_WARN_INFINITE_RECURSION = YES;
				CLANG_WARN_INT_CONVERSION = YES;
				CLANG_WARN_NON_LITERAL_NULL_CONVERSION = YES;
				CLANG_WARN_OBJC_IMPLICIT_RETAIN_SELF = YES;
				CLANG_WARN_OBJC_LITERAL_CONVERSION = YES;
				CLANG_WARN_OBJC_ROOT_CLASS = YES_ERROR;
				CLANG_WARN_QUOTED_INCLUDE_IN_FRAMEWORK_HEADER = YES;
				CLANG_WARN_RANGE_LOOP_ANALYSIS = YES;
				CLANG_WARN_STRICT_PROTOTYPES = YES;
				CLANG_WARN_SUSPICIOUS_MOVE = YES;
				CLANG_WARN_UNGUARDED_AVAILABILITY = YES_AGGRESSIVE;
				CLANG_WARN_UNREACHABLE_CODE = YES;
				CLANG_WARN__DUPLICATE_METHOD_MATCH = YES;
				COPY_PHASE_STRIP = NO;
				DEBUG_INFORMATION_FORMAT = "dwarf-with-dsym";
				ENABLE_NS_ASSERTIONS = NO;
				ENABLE_STRICT_OBJC_MSGSEND = YES;
				ENABLE_USER_SCRIPT_SANDBOXING = YES;
				GCC_C_LANGUAGE_STANDARD = gnu17;
				GCC_NO_COMMON_BLOCKS = YES;
				GCC_WARN_64_TO_32_BIT_CONVERSION = YES;
				GCC_WARN_ABOUT_RETURN_TYPE = YES_ERROR;
				GCC_WARN_UNDECLARED_SELECTOR = YES;
				GCC_WARN_UNINITIALIZED_AUTOS = YES_AGGRESSIVE;
				GCC_WARN_UNUSED_FUNCTION = YES;
				GCC_WARN_UNUSED_VARIABLE = YES;
				IPHONEOS_DEPLOYMENT_TARGET = 15.0;
				LOCALIZATION_PREFERS_STRING_CATALOGS = YES;
				MTL_ENABLE_DEBUG_INFO = NO;
				MTL_FAST_MATH = YES;
				SDKROOT = iphoneos;
				SWIFT_COMPILATION_MODE = wholemodule;
				VALIDATE_PRODUCT = YES;
			};
			name = Release;
		};
		17ECF9692ADF1DB200943022 /* Debug */ = {
			isa = XCBuildConfiguration;
			buildSettings = {
				ASSETCATALOG_COMPILER_APPICON_NAME = AppIcon;
				ASSETCATALOG_COMPILER_GLOBAL_ACCENT_COLOR_NAME = AccentColor;
				CODE_SIGN_STYLE = Automatic;
				CURRENT_PROJECT_VERSION = 1;
				DEVELOPMENT_TEAM = 6CZNS4ZZ97;
				GENERATE_INFOPLIST_FILE = YES;
				INFOPLIST_FILE = Restaurants/SupportingFiles/Info.plist;
				INFOPLIST_KEY_UIApplicationSupportsIndirectInputEvents = YES;
				INFOPLIST_KEY_UILaunchStoryboardName = LaunchScreen;
				INFOPLIST_KEY_UISupportedInterfaceOrientations = UIInterfaceOrientationPortrait;
				INFOPLIST_KEY_UISupportedInterfaceOrientations_iPad = "UIInterfaceOrientationLandscapeLeft UIInterfaceOrientationLandscapeRight UIInterfaceOrientationPortrait UIInterfaceOrientationPortraitUpsideDown";
				IPHONEOS_DEPLOYMENT_TARGET = 15.0;
				LD_RUNPATH_SEARCH_PATHS = (
					"$(inherited)",
					"@executable_path/Frameworks",
				);
				MARKETING_VERSION = 1.0;
				PRODUCT_BUNDLE_IDENTIFIER = salakhoff.Restaurants;
				PRODUCT_NAME = "$(TARGET_NAME)";
				SUPPORTED_PLATFORMS = "iphoneos iphonesimulator";
				SUPPORTS_MACCATALYST = NO;
				SUPPORTS_MAC_DESIGNED_FOR_IPHONE_IPAD = NO;
				SWIFT_EMIT_LOC_STRINGS = YES;
				SWIFT_VERSION = 5.0;
				TARGETED_DEVICE_FAMILY = 1;
			};
			name = Debug;
		};
		17ECF96A2ADF1DB200943022 /* Release */ = {
			isa = XCBuildConfiguration;
			buildSettings = {
				ASSETCATALOG_COMPILER_APPICON_NAME = AppIcon;
				ASSETCATALOG_COMPILER_GLOBAL_ACCENT_COLOR_NAME = AccentColor;
				CODE_SIGN_STYLE = Automatic;
				CURRENT_PROJECT_VERSION = 1;
				DEVELOPMENT_TEAM = 6CZNS4ZZ97;
				GENERATE_INFOPLIST_FILE = YES;
				INFOPLIST_FILE = Restaurants/SupportingFiles/Info.plist;
				INFOPLIST_KEY_UIApplicationSupportsIndirectInputEvents = YES;
				INFOPLIST_KEY_UILaunchStoryboardName = LaunchScreen;
				INFOPLIST_KEY_UISupportedInterfaceOrientations = UIInterfaceOrientationPortrait;
				INFOPLIST_KEY_UISupportedInterfaceOrientations_iPad = "UIInterfaceOrientationLandscapeLeft UIInterfaceOrientationLandscapeRight UIInterfaceOrientationPortrait UIInterfaceOrientationPortraitUpsideDown";
				IPHONEOS_DEPLOYMENT_TARGET = 15.0;
				LD_RUNPATH_SEARCH_PATHS = (
					"$(inherited)",
					"@executable_path/Frameworks",
				);
				MARKETING_VERSION = 1.0;
				PRODUCT_BUNDLE_IDENTIFIER = salakhoff.Restaurants;
				PRODUCT_NAME = "$(TARGET_NAME)";
				SUPPORTED_PLATFORMS = "iphoneos iphonesimulator";
				SUPPORTS_MACCATALYST = NO;
				SUPPORTS_MAC_DESIGNED_FOR_IPHONE_IPAD = NO;
				SWIFT_EMIT_LOC_STRINGS = YES;
				SWIFT_VERSION = 5.0;
				TARGETED_DEVICE_FAMILY = 1;
			};
			name = Release;
		};
/* End XCBuildConfiguration section */

/* Begin XCConfigurationList section */
		17ECF94F2ADF1DB000943022 /* Build configuration list for PBXProject "Restaurants" */ = {
			isa = XCConfigurationList;
			buildConfigurations = (
				17ECF9662ADF1DB200943022 /* Debug */,
				17ECF9672ADF1DB200943022 /* Release */,
			);
			defaultConfigurationIsVisible = 0;
			defaultConfigurationName = Release;
		};
		17ECF9682ADF1DB200943022 /* Build configuration list for PBXNativeTarget "Restaurants" */ = {
			isa = XCConfigurationList;
			buildConfigurations = (
				17ECF9692ADF1DB200943022 /* Debug */,
				17ECF96A2ADF1DB200943022 /* Release */,
			);
			defaultConfigurationIsVisible = 0;
			defaultConfigurationName = Release;
		};
/* End XCConfigurationList section */
	};
	rootObject = 17ECF94C2ADF1DB000943022 /* Project object */;
}
